// !$*UTF8*$!
{
	archiveVersion = 1;
	classes = {
	};
	objectVersion = 50;
	objects = {

/* Begin PBXBuildFile section */
		4545BCA82359F1F5006EF566 /* AppDelegate.swift in Sources */ = {isa = PBXBuildFile; fileRef = 4545BCA72359F1F5006EF566 /* AppDelegate.swift */; };
		4545BCAA2359F1F5006EF566 /* SceneDelegate.swift in Sources */ = {isa = PBXBuildFile; fileRef = 4545BCA92359F1F5006EF566 /* SceneDelegate.swift */; };
		4545BCAC2359F1F5006EF566 /* ContentView.swift in Sources */ = {isa = PBXBuildFile; fileRef = 4545BCAB2359F1F5006EF566 /* ContentView.swift */; };
		4545BCAE2359F1F8006EF566 /* Assets.xcassets in Resources */ = {isa = PBXBuildFile; fileRef = 4545BCAD2359F1F8006EF566 /* Assets.xcassets */; };
		4545BCB12359F1F8006EF566 /* Preview Assets.xcassets in Resources */ = {isa = PBXBuildFile; fileRef = 4545BCB02359F1F8006EF566 /* Preview Assets.xcassets */; };
		4545BCB42359F1F8006EF566 /* LaunchScreen.storyboard in Resources */ = {isa = PBXBuildFile; fileRef = 4545BCB22359F1F8006EF566 /* LaunchScreen.storyboard */; };
		4545BCBF2359F1F8006EF566 /* PhotoFilterAppTests.swift in Sources */ = {isa = PBXBuildFile; fileRef = 4545BCBE2359F1F8006EF566 /* PhotoFilterAppTests.swift */; };
		4545BCCA2359F1F8006EF566 /* PhotoFilterAppUITests.swift in Sources */ = {isa = PBXBuildFile; fileRef = 4545BCC92359F1F8006EF566 /* PhotoFilterAppUITests.swift */; };
		4545BCD82359F771006EF566 /* ImageController.swift in Sources */ = {isa = PBXBuildFile; fileRef = 4545BCD72359F771006EF566 /* ImageController.swift */; };
		4545BCDA2359F81E006EF566 /* Extensions.swift in Sources */ = {isa = PBXBuildFile; fileRef = 4545BCD92359F81E006EF566 /* Extensions.swift */; };
		4545BCDC2359FB1A006EF566 /* ImagePicker.swift in Sources */ = {isa = PBXBuildFile; fileRef = 4545BCDB2359FB1A006EF566 /* ImagePicker.swift */; };
		4545BCDE235A0CE5006EF566 /* Helper.swift in Sources */ = {isa = PBXBuildFile; fileRef = 4545BCDD235A0CE5006EF566 /* Helper.swift */; };
		4545BCE0235CD770006EF566 /* CameraView.swift in Sources */ = {isa = PBXBuildFile; fileRef = 4545BCDF235CD770006EF566 /* CameraView.swift */; };
/* End PBXBuildFile section */

/* Begin PBXContainerItemProxy section */
		4545BCBB2359F1F8006EF566 /* PBXContainerItemProxy */ = {
			isa = PBXContainerItemProxy;
			containerPortal = 4545BC9C2359F1F5006EF566 /* Project object */;
			proxyType = 1;
			remoteGlobalIDString = 4545BCA32359F1F5006EF566;
			remoteInfo = PhotoFilterApp;
		};
		4545BCC62359F1F8006EF566 /* PBXContainerItemProxy */ = {
			isa = PBXContainerItemProxy;
			containerPortal = 4545BC9C2359F1F5006EF566 /* Project object */;
			proxyType = 1;
			remoteGlobalIDString = 4545BCA32359F1F5006EF566;
			remoteInfo = PhotoFilterApp;
		};
/* End PBXContainerItemProxy section */

/* Begin PBXFileReference section */
		4545BCA42359F1F5006EF566 /* PhotoFilterApp.app */ = {isa = PBXFileReference; explicitFileType = wrapper.application; includeInIndex = 0; path = PhotoFilterApp.app; sourceTree = BUILT_PRODUCTS_DIR; };
		4545BCA72359F1F5006EF566 /* AppDelegate.swift */ = {isa = PBXFileReference; lastKnownFileType = sourcecode.swift; path = AppDelegate.swift; sourceTree = "<group>"; };
		4545BCA92359F1F5006EF566 /* SceneDelegate.swift */ = {isa = PBXFileReference; lastKnownFileType = sourcecode.swift; path = SceneDelegate.swift; sourceTree = "<group>"; };
		4545BCAB2359F1F5006EF566 /* ContentView.swift */ = {isa = PBXFileReference; lastKnownFileType = sourcecode.swift; path = ContentView.swift; sourceTree = "<group>"; };
		4545BCAD2359F1F8006EF566 /* Assets.xcassets */ = {isa = PBXFileReference; lastKnownFileType = folder.assetcatalog; path = Assets.xcassets; sourceTree = "<group>"; };
		4545BCB02359F1F8006EF566 /* Preview Assets.xcassets */ = {isa = PBXFileReference; lastKnownFileType = folder.assetcatalog; path = "Preview Assets.xcassets"; sourceTree = "<group>"; };
		4545BCB32359F1F8006EF566 /* Base */ = {isa = PBXFileReference; lastKnownFileType = file.storyboard; name = Base; path = Base.lproj/LaunchScreen.storyboard; sourceTree = "<group>"; };
		4545BCB52359F1F8006EF566 /* Info.plist */ = {isa = PBXFileReference; lastKnownFileType = text.plist.xml; path = Info.plist; sourceTree = "<group>"; };
		4545BCBA2359F1F8006EF566 /* PhotoFilterAppTests.xctest */ = {isa = PBXFileReference; explicitFileType = wrapper.cfbundle; includeInIndex = 0; path = PhotoFilterAppTests.xctest; sourceTree = BUILT_PRODUCTS_DIR; };
		4545BCBE2359F1F8006EF566 /* PhotoFilterAppTests.swift */ = {isa = PBXFileReference; lastKnownFileType = sourcecode.swift; path = PhotoFilterAppTests.swift; sourceTree = "<group>"; };
		4545BCC02359F1F8006EF566 /* Info.plist */ = {isa = PBXFileReference; lastKnownFileType = text.plist.xml; path = Info.plist; sourceTree = "<group>"; };
		4545BCC52359F1F8006EF566 /* PhotoFilterAppUITests.xctest */ = {isa = PBXFileReference; explicitFileType = wrapper.cfbundle; includeInIndex = 0; path = PhotoFilterAppUITests.xctest; sourceTree = BUILT_PRODUCTS_DIR; };
		4545BCC92359F1F8006EF566 /* PhotoFilterAppUITests.swift */ = {isa = PBXFileReference; lastKnownFileType = sourcecode.swift; path = PhotoFilterAppUITests.swift; sourceTree = "<group>"; };
		4545BCCB2359F1F8006EF566 /* Info.plist */ = {isa = PBXFileReference; lastKnownFileType = text.plist.xml; path = Info.plist; sourceTree = "<group>"; };
		4545BCD72359F771006EF566 /* ImageController.swift */ = {isa = PBXFileReference; lastKnownFileType = sourcecode.swift; path = ImageController.swift; sourceTree = "<group>"; };
		4545BCD92359F81E006EF566 /* Extensions.swift */ = {isa = PBXFileReference; lastKnownFileType = sourcecode.swift; path = Extensions.swift; sourceTree = "<group>"; };
		4545BCDB2359FB1A006EF566 /* ImagePicker.swift */ = {isa = PBXFileReference; lastKnownFileType = sourcecode.swift; path = ImagePicker.swift; sourceTree = "<group>"; };
		4545BCDD235A0CE5006EF566 /* Helper.swift */ = {isa = PBXFileReference; lastKnownFileType = sourcecode.swift; path = Helper.swift; sourceTree = "<group>"; };
		4545BCDF235CD770006EF566 /* CameraView.swift */ = {isa = PBXFileReference; lastKnownFileType = sourcecode.swift; path = CameraView.swift; sourceTree = "<group>"; };
/* End PBXFileReference section */

/* Begin PBXFrameworksBuildPhase section */
		4545BCA12359F1F5006EF566 /* Frameworks */ = {
			isa = PBXFrameworksBuildPhase;
			buildActionMask = 2147483647;
			files = (
			);
			runOnlyForDeploymentPostprocessing = 0;
		};
		4545BCB72359F1F8006EF566 /* Frameworks */ = {
			isa = PBXFrameworksBuildPhase;
			buildActionMask = 2147483647;
			files = (
			);
			runOnlyForDeploymentPostprocessing = 0;
		};
		4545BCC22359F1F8006EF566 /* Frameworks */ = {
			isa = PBXFrameworksBuildPhase;
			buildActionMask = 2147483647;
			files = (
			);
			runOnlyForDeploymentPostprocessing = 0;
		};
/* End PBXFrameworksBuildPhase section */

/* Begin PBXGroup section */
		4545BC9B2359F1F5006EF566 = {
			isa = PBXGroup;
			children = (
				4545BCA62359F1F5006EF566 /* PhotoFilterApp */,
				4545BCBD2359F1F8006EF566 /* PhotoFilterAppTests */,
				4545BCC82359F1F8006EF566 /* PhotoFilterAppUITests */,
				4545BCA52359F1F5006EF566 /* Products */,
			);
			sourceTree = "<group>";
		};
		4545BCA52359F1F5006EF566 /* Products */ = {
			isa = PBXGroup;
			children = (
				4545BCA42359F1F5006EF566 /* PhotoFilterApp.app */,
				4545BCBA2359F1F8006EF566 /* PhotoFilterAppTests.xctest */,
				4545BCC52359F1F8006EF566 /* PhotoFilterAppUITests.xctest */,
			);
			name = Products;
			sourceTree = "<group>";
		};
		4545BCA62359F1F5006EF566 /* PhotoFilterApp */ = {
			isa = PBXGroup;
			children = (
				4545BCA72359F1F5006EF566 /* AppDelegate.swift */,
				4545BCA92359F1F5006EF566 /* SceneDelegate.swift */,
				4545BCAB2359F1F5006EF566 /* ContentView.swift */,
				4545BCDB2359FB1A006EF566 /* ImagePicker.swift */,
				4545BCDF235CD770006EF566 /* CameraView.swift */,
				4545BCDD235A0CE5006EF566 /* Helper.swift */,
				4545BCD72359F771006EF566 /* ImageController.swift */,
				4545BCD92359F81E006EF566 /* Extensions.swift */,
				4545BCAD2359F1F8006EF566 /* Assets.xcassets */,
				4545BCB22359F1F8006EF566 /* LaunchScreen.storyboard */,
				4545BCB52359F1F8006EF566 /* Info.plist */,
				4545BCAF2359F1F8006EF566 /* Preview Content */,
			);
			path = PhotoFilterApp;
			sourceTree = "<group>";
		};
		4545BCAF2359F1F8006EF566 /* Preview Content */ = {
			isa = PBXGroup;
			children = (
				4545BCB02359F1F8006EF566 /* Preview Assets.xcassets */,
			);
			path = "Preview Content";
			sourceTree = "<group>";
		};
		4545BCBD2359F1F8006EF566 /* PhotoFilterAppTests */ = {
			isa = PBXGroup;
			children = (
				4545BCBE2359F1F8006EF566 /* PhotoFilterAppTests.swift */,
				4545BCC02359F1F8006EF566 /* Info.plist */,
			);
			path = PhotoFilterAppTests;
			sourceTree = "<group>";
		};
		4545BCC82359F1F8006EF566 /* PhotoFilterAppUITests */ = {
			isa = PBXGroup;
			children = (
				4545BCC92359F1F8006EF566 /* PhotoFilterAppUITests.swift */,
				4545BCCB2359F1F8006EF566 /* Info.plist */,
			);
			path = PhotoFilterAppUITests;
			sourceTree = "<group>";
		};
/* End PBXGroup section */

/* Begin PBXNativeTarget section */
		4545BCA32359F1F5006EF566 /* PhotoFilterApp */ = {
			isa = PBXNativeTarget;
			buildConfigurationList = 4545BCCE2359F1F8006EF566 /* Build configuration list for PBXNativeTarget "PhotoFilterApp" */;
			buildPhases = (
				4545BCA02359F1F5006EF566 /* Sources */,
				4545BCA12359F1F5006EF566 /* Frameworks */,
				4545BCA22359F1F5006EF566 /* Resources */,
			);
			buildRules = (
			);
			dependencies = (
			);
			name = PhotoFilterApp;
			productName = PhotoFilterApp;
			productReference = 4545BCA42359F1F5006EF566 /* PhotoFilterApp.app */;
			productType = "com.apple.product-type.application";
		};
		4545BCB92359F1F8006EF566 /* PhotoFilterAppTests */ = {
			isa = PBXNativeTarget;
			buildConfigurationList = 4545BCD12359F1F8006EF566 /* Build configuration list for PBXNativeTarget "PhotoFilterAppTests" */;
			buildPhases = (
				4545BCB62359F1F8006EF566 /* Sources */,
				4545BCB72359F1F8006EF566 /* Frameworks */,
				4545BCB82359F1F8006EF566 /* Resources */,
			);
			buildRules = (
			);
			dependencies = (
				4545BCBC2359F1F8006EF566 /* PBXTargetDependency */,
			);
			name = PhotoFilterAppTests;
			productName = PhotoFilterAppTests;
			productReference = 4545BCBA2359F1F8006EF566 /* PhotoFilterAppTests.xctest */;
			productType = "com.apple.product-type.bundle.unit-test";
		};
		4545BCC42359F1F8006EF566 /* PhotoFilterAppUITests */ = {
			isa = PBXNativeTarget;
			buildConfigurationList = 4545BCD42359F1F8006EF566 /* Build configuration list for PBXNativeTarget "PhotoFilterAppUITests" */;
			buildPhases = (
				4545BCC12359F1F8006EF566 /* Sources */,
				4545BCC22359F1F8006EF566 /* Frameworks */,
				4545BCC32359F1F8006EF566 /* Resources */,
			);
			buildRules = (
			);
			dependencies = (
				4545BCC72359F1F8006EF566 /* PBXTargetDependency */,
			);
			name = PhotoFilterAppUITests;
			productName = PhotoFilterAppUITests;
			productReference = 4545BCC52359F1F8006EF566 /* PhotoFilterAppUITests.xctest */;
			productType = "com.apple.product-type.bundle.ui-testing";
		};
/* End PBXNativeTarget section */

/* Begin PBXProject section */
		4545BC9C2359F1F5006EF566 /* Project object */ = {
			isa = PBXProject;
			attributes = {
				LastSwiftUpdateCheck = 1110;
				LastUpgradeCheck = 1110;
				ORGANIZATIONNAME = "Andreas Schultz";
				TargetAttributes = {
					4545BCA32359F1F5006EF566 = {
						CreatedOnToolsVersion = 11.1;
					};
					4545BCB92359F1F8006EF566 = {
						CreatedOnToolsVersion = 11.1;
						TestTargetID = 4545BCA32359F1F5006EF566;
					};
					4545BCC42359F1F8006EF566 = {
						CreatedOnToolsVersion = 11.1;
						TestTargetID = 4545BCA32359F1F5006EF566;
					};
				};
			};
			buildConfigurationList = 4545BC9F2359F1F5006EF566 /* Build configuration list for PBXProject "PhotoFilterApp" */;
			compatibilityVersion = "Xcode 9.3";
			developmentRegion = en;
			hasScannedForEncodings = 0;
			knownRegions = (
				en,
				Base,
			);
			mainGroup = 4545BC9B2359F1F5006EF566;
			productRefGroup = 4545BCA52359F1F5006EF566 /* Products */;
			projectDirPath = "";
			projectRoot = "";
			targets = (
				4545BCA32359F1F5006EF566 /* PhotoFilterApp */,
				4545BCB92359F1F8006EF566 /* PhotoFilterAppTests */,
				4545BCC42359F1F8006EF566 /* PhotoFilterAppUITests */,
			);
		};
/* End PBXProject section */

/* Begin PBXResourcesBuildPhase section */
		4545BCA22359F1F5006EF566 /* Resources */ = {
			isa = PBXResourcesBuildPhase;
			buildActionMask = 2147483647;
			files = (
				4545BCB42359F1F8006EF566 /* LaunchScreen.storyboard in Resources */,
				4545BCB12359F1F8006EF566 /* Preview Assets.xcassets in Resources */,
				4545BCAE2359F1F8006EF566 /* Assets.xcassets in Resources */,
			);
			runOnlyForDeploymentPostprocessing = 0;
		};
		4545BCB82359F1F8006EF566 /* Resources */ = {
			isa = PBXResourcesBuildPhase;
			buildActionMask = 2147483647;
			files = (
			);
			runOnlyForDeploymentPostprocessing = 0;
		};
		4545BCC32359F1F8006EF566 /* Resources */ = {
			isa = PBXResourcesBuildPhase;
			buildActionMask = 2147483647;
			files = (
			);
			runOnlyForDeploymentPostprocessing = 0;
		};
/* End PBXResourcesBuildPhase section */

/* Begin PBXSourcesBuildPhase section */
		4545BCA02359F1F5006EF566 /* Sources */ = {
			isa = PBXSourcesBuildPhase;
			buildActionMask = 2147483647;
			files = (
				4545BCDA2359F81E006EF566 /* Extensions.swift in Sources */,
				4545BCDE235A0CE5006EF566 /* Helper.swift in Sources */,
				4545BCA82359F1F5006EF566 /* AppDelegate.swift in Sources */,
				4545BCAA2359F1F5006EF566 /* SceneDelegate.swift in Sources */,
				4545BCDC2359FB1A006EF566 /* ImagePicker.swift in Sources */,
				4545BCAC2359F1F5006EF566 /* ContentView.swift in Sources */,
				4545BCD82359F771006EF566 /* ImageController.swift in Sources */,
				4545BCE0235CD770006EF566 /* CameraView.swift in Sources */,
			);
			runOnlyForDeploymentPostprocessing = 0;
		};
		4545BCB62359F1F8006EF566 /* Sources */ = {
			isa = PBXSourcesBuildPhase;
			buildActionMask = 2147483647;
			files = (
				4545BCBF2359F1F8006EF566 /* PhotoFilterAppTests.swift in Sources */,
			);
			runOnlyForDeploymentPostprocessing = 0;
		};
		4545BCC12359F1F8006EF566 /* Sources */ = {
			isa = PBXSourcesBuildPhase;
			buildActionMask = 2147483647;
			files = (
				4545BCCA2359F1F8006EF566 /* PhotoFilterAppUITests.swift in Sources */,
			);
			runOnlyForDeploymentPostprocessing = 0;
		};
/* End PBXSourcesBuildPhase section */

/* Begin PBXTargetDependency section */
		4545BCBC2359F1F8006EF566 /* PBXTargetDependency */ = {
			isa = PBXTargetDependency;
			target = 4545BCA32359F1F5006EF566 /* PhotoFilterApp */;
			targetProxy = 4545BCBB2359F1F8006EF566 /* PBXContainerItemProxy */;
		};
		4545BCC72359F1F8006EF566 /* PBXTargetDependency */ = {
			isa = PBXTargetDependency;
			target = 4545BCA32359F1F5006EF566 /* PhotoFilterApp */;
			targetProxy = 4545BCC62359F1F8006EF566 /* PBXContainerItemProxy */;
		};
/* End PBXTargetDependency section */

/* Begin PBXVariantGroup section */
		4545BCB22359F1F8006EF566 /* LaunchScreen.storyboard */ = {
			isa = PBXVariantGroup;
			children = (
				4545BCB32359F1F8006EF566 /* Base */,
			);
			name = LaunchScreen.storyboard;
			sourceTree = "<group>";
		};
/* End PBXVariantGroup section */

/* Begin XCBuildConfiguration section */
		4545BCCC2359F1F8006EF566 /* Debug */ = {
			isa = XCBuildConfiguration;
			buildSettings = {
				ALWAYS_SEARCH_USER_PATHS = NO;
				CLANG_ANALYZER_NONNULL = YES;
				CLANG_ANALYZER_NUMBER_OBJECT_CONVERSION = YES_AGGRESSIVE;
				CLANG_CXX_LANGUAGE_STANDARD = "gnu++14";
				CLANG_CXX_LIBRARY = "libc++";
				CLANG_ENABLE_MODULES = YES;
				CLANG_ENABLE_OBJC_ARC = YES;
				CLANG_ENABLE_OBJC_WEAK = YES;
				CLANG_WARN_BLOCK_CAPTURE_AUTORELEASING = YES;
				CLANG_WARN_BOOL_CONVERSION = YES;
				CLANG_WARN_COMMA = YES;
				CLANG_WARN_CONSTANT_CONVERSION = YES;
				CLANG_WARN_DEPRECATED_OBJC_IMPLEMENTATIONS = YES;
				CLANG_WARN_DIRECT_OBJC_ISA_USAGE = YES_ERROR;
				CLANG_WARN_DOCUMENTATION_COMMENTS = YES;
				CLANG_WARN_EMPTY_BODY = YES;
				CLANG_WARN_ENUM_CONVERSION = YES;
				CLANG_WARN_INFINITE_RECURSION = YES;
				CLANG_WARN_INT_CONVERSION = YES;
				CLANG_WARN_NON_LITERAL_NULL_CONVERSION = YES;
				CLANG_WARN_OBJC_IMPLICIT_RETAIN_SELF = YES;
				CLANG_WARN_OBJC_LITERAL_CONVERSION = YES;
				CLANG_WARN_OBJC_ROOT_CLASS = YES_ERROR;
				CLANG_WARN_RANGE_LOOP_ANALYSIS = YES;
				CLANG_WARN_STRICT_PROTOTYPES = YES;
				CLANG_WARN_SUSPICIOUS_MOVE = YES;
				CLANG_WARN_UNGUARDED_AVAILABILITY = YES_AGGRESSIVE;
				CLANG_WARN_UNREACHABLE_CODE = YES;
				CLANG_WARN__DUPLICATE_METHOD_MATCH = YES;
				COPY_PHASE_STRIP = NO;
				DEBUG_INFORMATION_FORMAT = dwarf;
				ENABLE_STRICT_OBJC_MSGSEND = YES;
				ENABLE_TESTABILITY = YES;
				GCC_C_LANGUAGE_STANDARD = gnu11;
				GCC_DYNAMIC_NO_PIC = NO;
				GCC_NO_COMMON_BLOCKS = YES;
				GCC_OPTIMIZATION_LEVEL = 0;
				GCC_PREPROCESSOR_DEFINITIONS = (
					"DEBUG=1",
					"$(inherited)",
				);
				GCC_WARN_64_TO_32_BIT_CONVERSION = YES;
				GCC_WARN_ABOUT_RETURN_TYPE = YES_ERROR;
				GCC_WARN_UNDECLARED_SELECTOR = YES;
				GCC_WARN_UNINITIALIZED_AUTOS = YES_AGGRESSIVE;
				GCC_WARN_UNUSED_FUNCTION = YES;
				GCC_WARN_UNUSED_VARIABLE = YES;
				IPHONEOS_DEPLOYMENT_TARGET = 13.1;
				MTL_ENABLE_DEBUG_INFO = INCLUDE_SOURCE;
				MTL_FAST_MATH = YES;
				ONLY_ACTIVE_ARCH = YES;
				SDKROOT = iphoneos;
				SWIFT_ACTIVE_COMPILATION_CONDITIONS = DEBUG;
				SWIFT_OPTIMIZATION_LEVEL = "-Onone";
			};
			name = Debug;
		};
		4545BCCD2359F1F8006EF566 /* Release */ = {
			isa = XCBuildConfiguration;
			buildSettings = {
				ALWAYS_SEARCH_USER_PATHS = NO;
				CLANG_ANALYZER_NONNULL = YES;
				CLANG_ANALYZER_NUMBER_OBJECT_CONVERSION = YES_AGGRESSIVE;
				CLANG_CXX_LANGUAGE_STANDARD = "gnu++14";
				CLANG_CXX_LIBRARY = "libc++";
				CLANG_ENABLE_MODULES = YES;
				CLANG_ENABLE_OBJC_ARC = YES;
				CLANG_ENABLE_OBJC_WEAK = YES;
				CLANG_WARN_BLOCK_CAPTURE_AUTORELEASING = YES;
				CLANG_WARN_BOOL_CONVERSION = YES;
				CLANG_WARN_COMMA = YES;
				CLANG_WARN_CONSTANT_CONVERSION = YES;
				CLANG_WARN_DEPRECATED_OBJC_IMPLEMENTATIONS = YES;
				CLANG_WARN_DIRECT_OBJC_ISA_USAGE = YES_ERROR;
				CLANG_WARN_DOCUMENTATION_COMMENTS = YES;
				CLANG_WARN_EMPTY_BODY = YES;
				CLANG_WARN_ENUM_CONVERSION = YES;
				CLANG_WARN_INFINITE_RECURSION = YES;
				CLANG_WARN_INT_CONVERSION = YES;
				CLANG_WARN_NON_LITERAL_NULL_CONVERSION = YES;
				CLANG_WARN_OBJC_IMPLICIT_RETAIN_SELF = YES;
				CLANG_WARN_OBJC_LITERAL_CONVERSION = YES;
				CLANG_WARN_OBJC_ROOT_CLASS = YES_ERROR;
				CLANG_WARN_RANGE_LOOP_ANALYSIS = YES;
				CLANG_WARN_STRICT_PROTOTYPES = YES;
				CLANG_WARN_SUSPICIOUS_MOVE = YES;
				CLANG_WARN_UNGUARDED_AVAILABILITY = YES_AGGRESSIVE;
				CLANG_WARN_UNREACHABLE_CODE = YES;
				CLANG_WARN__DUPLICATE_METHOD_MATCH = YES;
				COPY_PHASE_STRIP = NO;
				DEBUG_INFORMATION_FORMAT = "dwarf-with-dsym";
				ENABLE_NS_ASSERTIONS = NO;
				ENABLE_STRICT_OBJC_MSGSEND = YES;
				GCC_C_LANGUAGE_STANDARD = gnu11;
				GCC_NO_COMMON_BLOCKS = YES;
				GCC_WARN_64_TO_32_BIT_CONVERSION = YES;
				GCC_WARN_ABOUT_RETURN_TYPE = YES_ERROR;
				GCC_WARN_UNDECLARED_SELECTOR = YES;
				GCC_WARN_UNINITIALIZED_AUTOS = YES_AGGRESSIVE;
				GCC_WARN_UNUSED_FUNCTION = YES;
				GCC_WARN_UNUSED_VARIABLE = YES;
				IPHONEOS_DEPLOYMENT_TARGET = 13.1;
				MTL_ENABLE_DEBUG_INFO = NO;
				MTL_FAST_MATH = YES;
				SDKROOT = iphoneos;
				SWIFT_COMPILATION_MODE = wholemodule;
				SWIFT_OPTIMIZATION_LEVEL = "-O";
				VALIDATE_PRODUCT = YES;
			};
			name = Release;
		};
		4545BCCF2359F1F8006EF566 /* Debug */ = {
			isa = XCBuildConfiguration;
			buildSettings = {
				ASSETCATALOG_COMPILER_APPICON_NAME = AppIcon;
				CODE_SIGN_STYLE = Automatic;
				DEVELOPMENT_ASSET_PATHS = "\"PhotoFilterApp/Preview Content\"";
				DEVELOPMENT_TEAM = Q5Q99Q7248;
				ENABLE_PREVIEWS = YES;
				INFOPLIST_FILE = PhotoFilterApp/Info.plist;
				LD_RUNPATH_SEARCH_PATHS = (
					"$(inherited)",
					"@executable_path/Frameworks",
				);
				PRODUCT_BUNDLE_IDENTIFIER = com.andreasschultz.PhotoFilterApp;
				PRODUCT_NAME = "$(TARGET_NAME)";
				SWIFT_VERSION = 5.0;
				TARGETED_DEVICE_FAMILY = "1,2";
			};
			name = Debug;
		};
		4545BCD02359F1F8006EF566 /* Release */ = {
			isa = XCBuildConfiguration;
			buildSettings = {
				ASSETCATALOG_COMPILER_APPICON_NAME = AppIcon;
				CODE_SIGN_STYLE = Automatic;
				DEVELOPMENT_ASSET_PATHS = "\"PhotoFilterApp/Preview Content\"";
				DEVELOPMENT_TEAM = Q5Q99Q7248;
				ENABLE_PREVIEWS = YES;
				INFOPLIST_FILE = PhotoFilterApp/Info.plist;
				LD_RUNPATH_SEARCH_PATHS = (
					"$(inherited)",
					"@executable_path/Frameworks",
				);
				PRODUCT_BUNDLE_IDENTIFIER = com.andreasschultz.PhotoFilterApp;
				PRODUCT_NAME = "$(TARGET_NAME)";
				SWIFT_VERSION = 5.0;
				TARGETED_DEVICE_FAMILY = "1,2";
			};
			name = Release;
		};
		4545BCD22359F1F8006EF566 /* Debug */ = {
			isa = XCBuildConfiguration;
			buildSettings = {
				ALWAYS_EMBED_SWIFT_STANDARD_LIBRARIES = YES;
				BUNDLE_LOADER = "$(TEST_HOST)";
				CODE_SIGN_STYLE = Automatic;
				DEVELOPMENT_TEAM = Q5Q99Q7248;
				INFOPLIST_FILE = PhotoFilterAppTests/Info.plist;
				IPHONEOS_DEPLOYMENT_TARGET = 13.1;
				LD_RUNPATH_SEARCH_PATHS = (
					"$(inherited)",
					"@executable_path/Frameworks",
					"@loader_path/Frameworks",
				);
				PRODUCT_BUNDLE_IDENTIFIER = com.andreasschultz.PhotoFilterAppTests;
				PRODUCT_NAME = "$(TARGET_NAME)";
				SWIFT_VERSION = 5.0;
				TARGETED_DEVICE_FAMILY = "1,2";
				TEST_HOST = "$(BUILT_PRODUCTS_DIR)/PhotoFilterApp.app/PhotoFilterApp";
			};
			name = Debug;
		};
		4545BCD32359F1F8006EF566 /* Release */ = {
			isa = XCBuildConfiguration;
			buildSettings = {
				ALWAYS_EMBED_SWIFT_STANDARD_LIBRARIES = YES;
				BUNDLE_LOADER = "$(TEST_HOST)";
				CODE_SIGN_STYLE = Automatic;
				DEVELOPMENT_TEAM = Q5Q99Q7248;
				INFOPLIST_FILE = PhotoFilterAppTests/Info.plist;
				IPHONEOS_DEPLOYMENT_TARGET = 13.1;
				LD_RUNPATH_SEARCH_PATHS = (
					"$(inherited)",
					"@executable_path/Frameworks",
					"@loader_path/Frameworks",
				);
				PRODUCT_BUNDLE_IDENTIFIER = com.andreasschultz.PhotoFilterAppTests;
				PRODUCT_NAME = "$(TARGET_NAME)";
				SWIFT_VERSION = 5.0;
				TARGETED_DEVICE_FAMILY = "1,2";
				TEST_HOST = "$(BUILT_PRODUCTS_DIR)/PhotoFilterApp.app/PhotoFilterApp";
			};
			name = Release;
		};
		4545BCD52359F1F8006EF566 /* Debug */ = {
			isa = XCBuildConfiguration;
			buildSettings = {
				ALWAYS_EMBED_SWIFT_STANDARD_LIBRARIES = YES;
				CODE_SIGN_STYLE = Automatic;
				DEVELOPMENT_TEAM = Q5Q99Q7248;
				INFOPLIST_FILE = PhotoFilterAppUITests/Info.plist;
				LD_RUNPATH_SEARCH_PATHS = (
					"$(inherited)",
					"@executable_path/Frameworks",
					"@loader_path/Frameworks",
				);
				PRODUCT_BUNDLE_IDENTIFIER = com.andreasschultz.PhotoFilterAppUITests;
				PRODUCT_NAME = "$(TARGET_NAME)";
				SWIFT_VERSION = 5.0;
				TARGETED_DEVICE_FAMILY = "1,2";
				TEST_TARGET_NAME = PhotoFilterApp;
			};
			name = Debug;
		};
		4545BCD62359F1F8006EF566 /* Release */ = {
			isa = XCBuildConfiguration;
			buildSettings = {
				ALWAYS_EMBED_SWIFT_STANDARD_LIBRARIES = YES;
				CODE_SIGN_STYLE = Automatic;
				DEVELOPMENT_TEAM = Q5Q99Q7248;
				INFOPLIST_FILE = PhotoFilterAppUITests/Info.plist;
				LD_RUNPATH_SEARCH_PATHS = (
					"$(inherited)",
					"@executable_path/Frameworks",
					"@loader_path/Frameworks",
				);
				PRODUCT_BUNDLE_IDENTIFIER = com.andreasschultz.PhotoFilterAppUITests;
				PRODUCT_NAME = "$(TARGET_NAME)";
				SWIFT_VERSION = 5.0;
				TARGETED_DEVICE_FAMILY = "1,2";
				TEST_TARGET_NAME = PhotoFilterApp;
			};
			name = Release;
		};
/* End XCBuildConfiguration section */

/* Begin XCConfigurationList section */
		4545BC9F2359F1F5006EF566 /* Build configuration list for PBXProject "PhotoFilterApp" */ = {
			isa = XCConfigurationList;
			buildConfigurations = (
				4545BCCC2359F1F8006EF566 /* Debug */,
				4545BCCD2359F1F8006EF566 /* Release */,
			);
			defaultConfigurationIsVisible = 0;
			defaultConfigurationName = Release;
		};
		4545BCCE2359F1F8006EF566 /* Build configuration list for PBXNativeTarget "PhotoFilterApp" */ = {
			isa = XCConfigurationList;
			buildConfigurations = (
				4545BCCF2359F1F8006EF566 /* Debug */,
				4545BCD02359F1F8006EF566 /* Release */,
			);
			defaultConfigurationIsVisible = 0;
			defaultConfigurationName = Release;
		};
		4545BCD12359F1F8006EF566 /* Build configuration list for PBXNativeTarget "PhotoFilterAppTests" */ = {
			isa = XCConfigurationList;
			buildConfigurations = (
				4545BCD22359F1F8006EF566 /* Debug */,
				4545BCD32359F1F8006EF566 /* Release */,
			);
			defaultConfigurationIsVisible = 0;
			defaultConfigurationName = Release;
		};
		4545BCD42359F1F8006EF566 /* Build configuration list for PBXNativeTarget "PhotoFilterAppUITests" */ = {
			isa = XCConfigurationList;
			buildConfigurations = (
				4545BCD52359F1F8006EF566 /* Debug */,
				4545BCD62359F1F8006EF566 /* Release */,
			);
			defaultConfigurationIsVisible = 0;
			defaultConfigurationName = Release;
		};
/* End XCConfigurationList section */
	};
	rootObject = 4545BC9C2359F1F5006EF566 /* Project object */;
}
