// !$*UTF8*$!
{
	archiveVersion = 1;
	classes = {
	};
	objectVersion = 50;
	objects = {

/* Begin PBXBuildFile section */
		45D46C5723414DB7006AF595 /* AppDelegate.swift in Sources */ = {isa = PBXBuildFile; fileRef = 45D46C5623414DB7006AF595 /* AppDelegate.swift */; };
		45D46C5923414DB7006AF595 /* SceneDelegate.swift in Sources */ = {isa = PBXBuildFile; fileRef = 45D46C5823414DB7006AF595 /* SceneDelegate.swift */; };
		45D46C5B23414DB7006AF595 /* ContentView.swift in Sources */ = {isa = PBXBuildFile; fileRef = 45D46C5A23414DB7006AF595 /* ContentView.swift */; };
		45D46C5D23414DB8006AF595 /* Assets.xcassets in Resources */ = {isa = PBXBuildFile; fileRef = 45D46C5C23414DB8006AF595 /* Assets.xcassets */; };
		45D46C6023414DB8006AF595 /* Preview Assets.xcassets in Resources */ = {isa = PBXBuildFile; fileRef = 45D46C5F23414DB8006AF595 /* Preview Assets.xcassets */; };
		45D46C6323414DB8006AF595 /* LaunchScreen.storyboard in Resources */ = {isa = PBXBuildFile; fileRef = 45D46C6123414DB8006AF595 /* LaunchScreen.storyboard */; };
		45D46C6E23414DB8006AF595 /* LoginPageTests.swift in Sources */ = {isa = PBXBuildFile; fileRef = 45D46C6D23414DB8006AF595 /* LoginPageTests.swift */; };
		45D46C7923414DB8006AF595 /* LoginPageUITests.swift in Sources */ = {isa = PBXBuildFile; fileRef = 45D46C7823414DB8006AF595 /* LoginPageUITests.swift */; };
/* End PBXBuildFile section */

/* Begin PBXContainerItemProxy section */
		45D46C6A23414DB8006AF595 /* PBXContainerItemProxy */ = {
			isa = PBXContainerItemProxy;
			containerPortal = 45D46C4B23414DB7006AF595 /* Project object */;
			proxyType = 1;
			remoteGlobalIDString = 45D46C5223414DB7006AF595;
			remoteInfo = LoginPage;
		};
		45D46C7523414DB8006AF595 /* PBXContainerItemProxy */ = {
			isa = PBXContainerItemProxy;
			containerPortal = 45D46C4B23414DB7006AF595 /* Project object */;
			proxyType = 1;
			remoteGlobalIDString = 45D46C5223414DB7006AF595;
			remoteInfo = LoginPage;
		};
/* End PBXContainerItemProxy section */

/* Begin PBXFileReference section */
		45D46C5323414DB7006AF595 /* LoginPage.app */ = {isa = PBXFileReference; explicitFileType = wrapper.application; includeInIndex = 0; path = LoginPage.app; sourceTree = BUILT_PRODUCTS_DIR; };
		45D46C5623414DB7006AF595 /* AppDelegate.swift */ = {isa = PBXFileReference; lastKnownFileType = sourcecode.swift; path = AppDelegate.swift; sourceTree = "<group>"; };
		45D46C5823414DB7006AF595 /* SceneDelegate.swift */ = {isa = PBXFileReference; lastKnownFileType = sourcecode.swift; path = SceneDelegate.swift; sourceTree = "<group>"; };
		45D46C5A23414DB7006AF595 /* ContentView.swift */ = {isa = PBXFileReference; lastKnownFileType = sourcecode.swift; path = ContentView.swift; sourceTree = "<group>"; };
		45D46C5C23414DB8006AF595 /* Assets.xcassets */ = {isa = PBXFileReference; lastKnownFileType = folder.assetcatalog; path = Assets.xcassets; sourceTree = "<group>"; };
		45D46C5F23414DB8006AF595 /* Preview Assets.xcassets */ = {isa = PBXFileReference; lastKnownFileType = folder.assetcatalog; path = "Preview Assets.xcassets"; sourceTree = "<group>"; };
		45D46C6223414DB8006AF595 /* Base */ = {isa = PBXFileReference; lastKnownFileType = file.storyboard; name = Base; path = Base.lproj/LaunchScreen.storyboard; sourceTree = "<group>"; };
		45D46C6423414DB8006AF595 /* Info.plist */ = {isa = PBXFileReference; lastKnownFileType = text.plist.xml; path = Info.plist; sourceTree = "<group>"; };
		45D46C6923414DB8006AF595 /* LoginPageTests.xctest */ = {isa = PBXFileReference; explicitFileType = wrapper.cfbundle; includeInIndex = 0; path = LoginPageTests.xctest; sourceTree = BUILT_PRODUCTS_DIR; };
		45D46C6D23414DB8006AF595 /* LoginPageTests.swift */ = {isa = PBXFileReference; lastKnownFileType = sourcecode.swift; path = LoginPageTests.swift; sourceTree = "<group>"; };
		45D46C6F23414DB8006AF595 /* Info.plist */ = {isa = PBXFileReference; lastKnownFileType = text.plist.xml; path = Info.plist; sourceTree = "<group>"; };
		45D46C7423414DB8006AF595 /* LoginPageUITests.xctest */ = {isa = PBXFileReference; explicitFileType = wrapper.cfbundle; includeInIndex = 0; path = LoginPageUITests.xctest; sourceTree = BUILT_PRODUCTS_DIR; };
		45D46C7823414DB8006AF595 /* LoginPageUITests.swift */ = {isa = PBXFileReference; lastKnownFileType = sourcecode.swift; path = LoginPageUITests.swift; sourceTree = "<group>"; };
		45D46C7A23414DB8006AF595 /* Info.plist */ = {isa = PBXFileReference; lastKnownFileType = text.plist.xml; path = Info.plist; sourceTree = "<group>"; };
/* End PBXFileReference section */

/* Begin PBXFrameworksBuildPhase section */
		45D46C5023414DB7006AF595 /* Frameworks */ = {
			isa = PBXFrameworksBuildPhase;
			buildActionMask = 2147483647;
			files = (
			);
			runOnlyForDeploymentPostprocessing = 0;
		};
		45D46C6623414DB8006AF595 /* Frameworks */ = {
			isa = PBXFrameworksBuildPhase;
			buildActionMask = 2147483647;
			files = (
			);
			runOnlyForDeploymentPostprocessing = 0;
		};
		45D46C7123414DB8006AF595 /* Frameworks */ = {
			isa = PBXFrameworksBuildPhase;
			buildActionMask = 2147483647;
			files = (
			);
			runOnlyForDeploymentPostprocessing = 0;
		};
/* End PBXFrameworksBuildPhase section */

/* Begin PBXGroup section */
		45D46C4A23414DB7006AF595 = {
			isa = PBXGroup;
			children = (
				45D46C5523414DB7006AF595 /* LoginPage */,
				45D46C6C23414DB8006AF595 /* LoginPageTests */,
				45D46C7723414DB8006AF595 /* LoginPageUITests */,
				45D46C5423414DB7006AF595 /* Products */,
			);
			sourceTree = "<group>";
		};
		45D46C5423414DB7006AF595 /* Products */ = {
			isa = PBXGroup;
			children = (
				45D46C5323414DB7006AF595 /* LoginPage.app */,
				45D46C6923414DB8006AF595 /* LoginPageTests.xctest */,
				45D46C7423414DB8006AF595 /* LoginPageUITests.xctest */,
			);
			name = Products;
			sourceTree = "<group>";
		};
		45D46C5523414DB7006AF595 /* LoginPage */ = {
			isa = PBXGroup;
			children = (
				45D46C5623414DB7006AF595 /* AppDelegate.swift */,
				45D46C5823414DB7006AF595 /* SceneDelegate.swift */,
				45D46C5A23414DB7006AF595 /* ContentView.swift */,
				45D46C5C23414DB8006AF595 /* Assets.xcassets */,
				45D46C6123414DB8006AF595 /* LaunchScreen.storyboard */,
				45D46C6423414DB8006AF595 /* Info.plist */,
				45D46C5E23414DB8006AF595 /* Preview Content */,
			);
			path = LoginPage;
			sourceTree = "<group>";
		};
		45D46C5E23414DB8006AF595 /* Preview Content */ = {
			isa = PBXGroup;
			children = (
				45D46C5F23414DB8006AF595 /* Preview Assets.xcassets */,
			);
			path = "Preview Content";
			sourceTree = "<group>";
		};
		45D46C6C23414DB8006AF595 /* LoginPageTests */ = {
			isa = PBXGroup;
			children = (
				45D46C6D23414DB8006AF595 /* LoginPageTests.swift */,
				45D46C6F23414DB8006AF595 /* Info.plist */,
			);
			path = LoginPageTests;
			sourceTree = "<group>";
		};
		45D46C7723414DB8006AF595 /* LoginPageUITests */ = {
			isa = PBXGroup;
			children = (
				45D46C7823414DB8006AF595 /* LoginPageUITests.swift */,
				45D46C7A23414DB8006AF595 /* Info.plist */,
			);
			path = LoginPageUITests;
			sourceTree = "<group>";
		};
/* End PBXGroup section */

/* Begin PBXNativeTarget section */
		45D46C5223414DB7006AF595 /* LoginPage */ = {
			isa = PBXNativeTarget;
			buildConfigurationList = 45D46C7D23414DB8006AF595 /* Build configuration list for PBXNativeTarget "LoginPage" */;
			buildPhases = (
				45D46C4F23414DB7006AF595 /* Sources */,
				45D46C5023414DB7006AF595 /* Frameworks */,
				45D46C5123414DB7006AF595 /* Resources */,
			);
			buildRules = (
			);
			dependencies = (
			);
			name = LoginPage;
			productName = LoginPage;
			productReference = 45D46C5323414DB7006AF595 /* LoginPage.app */;
			productType = "com.apple.product-type.application";
		};
		45D46C6823414DB8006AF595 /* LoginPageTests */ = {
			isa = PBXNativeTarget;
			buildConfigurationList = 45D46C8023414DB8006AF595 /* Build configuration list for PBXNativeTarget "LoginPageTests" */;
			buildPhases = (
				45D46C6523414DB8006AF595 /* Sources */,
				45D46C6623414DB8006AF595 /* Frameworks */,
				45D46C6723414DB8006AF595 /* Resources */,
			);
			buildRules = (
			);
			dependencies = (
				45D46C6B23414DB8006AF595 /* PBXTargetDependency */,
			);
			name = LoginPageTests;
			productName = LoginPageTests;
			productReference = 45D46C6923414DB8006AF595 /* LoginPageTests.xctest */;
			productType = "com.apple.product-type.bundle.unit-test";
		};
		45D46C7323414DB8006AF595 /* LoginPageUITests */ = {
			isa = PBXNativeTarget;
			buildConfigurationList = 45D46C8323414DB8006AF595 /* Build configuration list for PBXNativeTarget "LoginPageUITests" */;
			buildPhases = (
				45D46C7023414DB8006AF595 /* Sources */,
				45D46C7123414DB8006AF595 /* Frameworks */,
				45D46C7223414DB8006AF595 /* Resources */,
			);
			buildRules = (
			);
			dependencies = (
				45D46C7623414DB8006AF595 /* PBXTargetDependency */,
			);
			name = LoginPageUITests;
			productName = LoginPageUITests;
			productReference = 45D46C7423414DB8006AF595 /* LoginPageUITests.xctest */;
			productType = "com.apple.product-type.bundle.ui-testing";
		};
/* End PBXNativeTarget section */

/* Begin PBXProject section */
		45D46C4B23414DB7006AF595 /* Project object */ = {
			isa = PBXProject;
			attributes = {
				LastSwiftUpdateCheck = 1110;
				LastUpgradeCheck = 1110;
				ORGANIZATIONNAME = "Andreas Schultz";
				TargetAttributes = {
					45D46C5223414DB7006AF595 = {
						CreatedOnToolsVersion = 11.1;
					};
					45D46C6823414DB8006AF595 = {
						CreatedOnToolsVersion = 11.1;
						TestTargetID = 45D46C5223414DB7006AF595;
					};
					45D46C7323414DB8006AF595 = {
						CreatedOnToolsVersion = 11.1;
						TestTargetID = 45D46C5223414DB7006AF595;
					};
				};
			};
			buildConfigurationList = 45D46C4E23414DB7006AF595 /* Build configuration list for PBXProject "LoginPage" */;
			compatibilityVersion = "Xcode 9.3";
			developmentRegion = en;
			hasScannedForEncodings = 0;
			knownRegions = (
				en,
				Base,
			);
			mainGroup = 45D46C4A23414DB7006AF595;
			productRefGroup = 45D46C5423414DB7006AF595 /* Products */;
			projectDirPath = "";
			projectRoot = "";
			targets = (
				45D46C5223414DB7006AF595 /* LoginPage */,
				45D46C6823414DB8006AF595 /* LoginPageTests */,
				45D46C7323414DB8006AF595 /* LoginPageUITests */,
			);
		};
/* End PBXProject section */

/* Begin PBXResourcesBuildPhase section */
		45D46C5123414DB7006AF595 /* Resources */ = {
			isa = PBXResourcesBuildPhase;
			buildActionMask = 2147483647;
			files = (
				45D46C6323414DB8006AF595 /* LaunchScreen.storyboard in Resources */,
				45D46C6023414DB8006AF595 /* Preview Assets.xcassets in Resources */,
				45D46C5D23414DB8006AF595 /* Assets.xcassets in Resources */,
			);
			runOnlyForDeploymentPostprocessing = 0;
		};
		45D46C6723414DB8006AF595 /* Resources */ = {
			isa = PBXResourcesBuildPhase;
			buildActionMask = 2147483647;
			files = (
			);
			runOnlyForDeploymentPostprocessing = 0;
		};
		45D46C7223414DB8006AF595 /* Resources */ = {
			isa = PBXResourcesBuildPhase;
			buildActionMask = 2147483647;
			files = (
			);
			runOnlyForDeploymentPostprocessing = 0;
		};
/* End PBXResourcesBuildPhase section */

/* Begin PBXSourcesBuildPhase section */
		45D46C4F23414DB7006AF595 /* Sources */ = {
			isa = PBXSourcesBuildPhase;
			buildActionMask = 2147483647;
			files = (
				45D46C5723414DB7006AF595 /* AppDelegate.swift in Sources */,
				45D46C5923414DB7006AF595 /* SceneDelegate.swift in Sources */,
				45D46C5B23414DB7006AF595 /* ContentView.swift in Sources */,
			);
			runOnlyForDeploymentPostprocessing = 0;
		};
		45D46C6523414DB8006AF595 /* Sources */ = {
			isa = PBXSourcesBuildPhase;
			buildActionMask = 2147483647;
			files = (
				45D46C6E23414DB8006AF595 /* LoginPageTests.swift in Sources */,
			);
			runOnlyForDeploymentPostprocessing = 0;
		};
		45D46C7023414DB8006AF595 /* Sources */ = {
			isa = PBXSourcesBuildPhase;
			buildActionMask = 2147483647;
			files = (
				45D46C7923414DB8006AF595 /* LoginPageUITests.swift in Sources */,
			);
			runOnlyForDeploymentPostprocessing = 0;
		};
/* End PBXSourcesBuildPhase section */

/* Begin PBXTargetDependency section */
		45D46C6B23414DB8006AF595 /* PBXTargetDependency */ = {
			isa = PBXTargetDependency;
			target = 45D46C5223414DB7006AF595 /* LoginPage */;
			targetProxy = 45D46C6A23414DB8006AF595 /* PBXContainerItemProxy */;
		};
		45D46C7623414DB8006AF595 /* PBXTargetDependency */ = {
			isa = PBXTargetDependency;
			target = 45D46C5223414DB7006AF595 /* LoginPage */;
			targetProxy = 45D46C7523414DB8006AF595 /* PBXContainerItemProxy */;
		};
/* End PBXTargetDependency section */

/* Begin PBXVariantGroup section */
		45D46C6123414DB8006AF595 /* LaunchScreen.storyboard */ = {
			isa = PBXVariantGroup;
			children = (
				45D46C6223414DB8006AF595 /* Base */,
			);
			name = LaunchScreen.storyboard;
			sourceTree = "<group>";
		};
/* End PBXVariantGroup section */

/* Begin XCBuildConfiguration section */
		45D46C7B23414DB8006AF595 /* Debug */ = {
			isa = XCBuildConfiguration;
			buildSettings = {
				ALWAYS_SEARCH_USER_PATHS = NO;
				CLANG_ANALYZER_NONNULL = YES;
				CLANG_ANALYZER_NUMBER_OBJECT_CONVERSION = YES_AGGRESSIVE;
				CLANG_CXX_LANGUAGE_STANDARD = "gnu++14";
				CLANG_CXX_LIBRARY = "libc++";
				CLANG_ENABLE_MODULES = YES;
				CLANG_ENABLE_OBJC_ARC = YES;
				CLANG_ENABLE_OBJC_WEAK = YES;
				CLANG_WARN_BLOCK_CAPTURE_AUTORELEASING = YES;
				CLANG_WARN_BOOL_CONVERSION = YES;
				CLANG_WARN_COMMA = YES;
				CLANG_WARN_CONSTANT_CONVERSION = YES;
				CLANG_WARN_DEPRECATED_OBJC_IMPLEMENTATIONS = YES;
				CLANG_WARN_DIRECT_OBJC_ISA_USAGE = YES_ERROR;
				CLANG_WARN_DOCUMENTATION_COMMENTS = YES;
				CLANG_WARN_EMPTY_BODY = YES;
				CLANG_WARN_ENUM_CONVERSION = YES;
				CLANG_WARN_INFINITE_RECURSION = YES;
				CLANG_WARN_INT_CONVERSION = YES;
				CLANG_WARN_NON_LITERAL_NULL_CONVERSION = YES;
				CLANG_WARN_OBJC_IMPLICIT_RETAIN_SELF = YES;
				CLANG_WARN_OBJC_LITERAL_CONVERSION = YES;
				CLANG_WARN_OBJC_ROOT_CLASS = YES_ERROR;
				CLANG_WARN_RANGE_LOOP_ANALYSIS = YES;
				CLANG_WARN_STRICT_PROTOTYPES = YES;
				CLANG_WARN_SUSPICIOUS_MOVE = YES;
				CLANG_WARN_UNGUARDED_AVAILABILITY = YES_AGGRESSIVE;
				CLANG_WARN_UNREACHABLE_CODE = YES;
				CLANG_WARN__DUPLICATE_METHOD_MATCH = YES;
				COPY_PHASE_STRIP = NO;
				DEBUG_INFORMATION_FORMAT = dwarf;
				ENABLE_STRICT_OBJC_MSGSEND = YES;
				ENABLE_TESTABILITY = YES;
				GCC_C_LANGUAGE_STANDARD = gnu11;
				GCC_DYNAMIC_NO_PIC = NO;
				GCC_NO_COMMON_BLOCKS = YES;
				GCC_OPTIMIZATION_LEVEL = 0;
				GCC_PREPROCESSOR_DEFINITIONS = (
					"DEBUG=1",
					"$(inherited)",
				);
				GCC_WARN_64_TO_32_BIT_CONVERSION = YES;
				GCC_WARN_ABOUT_RETURN_TYPE = YES_ERROR;
				GCC_WARN_UNDECLARED_SELECTOR = YES;
				GCC_WARN_UNINITIALIZED_AUTOS = YES_AGGRESSIVE;
				GCC_WARN_UNUSED_FUNCTION = YES;
				GCC_WARN_UNUSED_VARIABLE = YES;
				IPHONEOS_DEPLOYMENT_TARGET = 13.1;
				MTL_ENABLE_DEBUG_INFO = INCLUDE_SOURCE;
				MTL_FAST_MATH = YES;
				ONLY_ACTIVE_ARCH = YES;
				SDKROOT = iphoneos;
				SWIFT_ACTIVE_COMPILATION_CONDITIONS = DEBUG;
				SWIFT_OPTIMIZATION_LEVEL = "-Onone";
			};
			name = Debug;
		};
		45D46C7C23414DB8006AF595 /* Release */ = {
			isa = XCBuildConfiguration;
			buildSettings = {
				ALWAYS_SEARCH_USER_PATHS = NO;
				CLANG_ANALYZER_NONNULL = YES;
				CLANG_ANALYZER_NUMBER_OBJECT_CONVERSION = YES_AGGRESSIVE;
				CLANG_CXX_LANGUAGE_STANDARD = "gnu++14";
				CLANG_CXX_LIBRARY = "libc++";
				CLANG_ENABLE_MODULES = YES;
				CLANG_ENABLE_OBJC_ARC = YES;
				CLANG_ENABLE_OBJC_WEAK = YES;
				CLANG_WARN_BLOCK_CAPTURE_AUTORELEASING = YES;
				CLANG_WARN_BOOL_CONVERSION = YES;
				CLANG_WARN_COMMA = YES;
				CLANG_WARN_CONSTANT_CONVERSION = YES;
				CLANG_WARN_DEPRECATED_OBJC_IMPLEMENTATIONS = YES;
				CLANG_WARN_DIRECT_OBJC_ISA_USAGE = YES_ERROR;
				CLANG_WARN_DOCUMENTATION_COMMENTS = YES;
				CLANG_WARN_EMPTY_BODY = YES;
				CLANG_WARN_ENUM_CONVERSION = YES;
				CLANG_WARN_INFINITE_RECURSION = YES;
				CLANG_WARN_INT_CONVERSION = YES;
				CLANG_WARN_NON_LITERAL_NULL_CONVERSION = YES;
				CLANG_WARN_OBJC_IMPLICIT_RETAIN_SELF = YES;
				CLANG_WARN_OBJC_LITERAL_CONVERSION = YES;
				CLANG_WARN_OBJC_ROOT_CLASS = YES_ERROR;
				CLANG_WARN_RANGE_LOOP_ANALYSIS = YES;
				CLANG_WARN_STRICT_PROTOTYPES = YES;
				CLANG_WARN_SUSPICIOUS_MOVE = YES;
				CLANG_WARN_UNGUARDED_AVAILABILITY = YES_AGGRESSIVE;
				CLANG_WARN_UNREACHABLE_CODE = YES;
				CLANG_WARN__DUPLICATE_METHOD_MATCH = YES;
				COPY_PHASE_STRIP = NO;
				DEBUG_INFORMATION_FORMAT = "dwarf-with-dsym";
				ENABLE_NS_ASSERTIONS = NO;
				ENABLE_STRICT_OBJC_MSGSEND = YES;
				GCC_C_LANGUAGE_STANDARD = gnu11;
				GCC_NO_COMMON_BLOCKS = YES;
				GCC_WARN_64_TO_32_BIT_CONVERSION = YES;
				GCC_WARN_ABOUT_RETURN_TYPE = YES_ERROR;
				GCC_WARN_UNDECLARED_SELECTOR = YES;
				GCC_WARN_UNINITIALIZED_AUTOS = YES_AGGRESSIVE;
				GCC_WARN_UNUSED_FUNCTION = YES;
				GCC_WARN_UNUSED_VARIABLE = YES;
				IPHONEOS_DEPLOYMENT_TARGET = 13.1;
				MTL_ENABLE_DEBUG_INFO = NO;
				MTL_FAST_MATH = YES;
				SDKROOT = iphoneos;
				SWIFT_COMPILATION_MODE = wholemodule;
				SWIFT_OPTIMIZATION_LEVEL = "-O";
				VALIDATE_PRODUCT = YES;
			};
			name = Release;
		};
		45D46C7E23414DB8006AF595 /* Debug */ = {
			isa = XCBuildConfiguration;
			buildSettings = {
				ASSETCATALOG_COMPILER_APPICON_NAME = AppIcon;
				CODE_SIGN_STYLE = Automatic;
				DEVELOPMENT_ASSET_PATHS = "\"LoginPage/Preview Content\"";
				DEVELOPMENT_TEAM = Q5Q99Q7248;
				ENABLE_PREVIEWS = YES;
				INFOPLIST_FILE = LoginPage/Info.plist;
				LD_RUNPATH_SEARCH_PATHS = (
					"$(inherited)",
					"@executable_path/Frameworks",
				);
				PRODUCT_BUNDLE_IDENTIFIER = com.andreasschultz.LoginPage;
				PRODUCT_NAME = "$(TARGET_NAME)";
				SWIFT_VERSION = 5.0;
				TARGETED_DEVICE_FAMILY = "1,2";
			};
			name = Debug;
		};
		45D46C7F23414DB8006AF595 /* Release */ = {
			isa = XCBuildConfiguration;
			buildSettings = {
				ASSETCATALOG_COMPILER_APPICON_NAME = AppIcon;
				CODE_SIGN_STYLE = Automatic;
				DEVELOPMENT_ASSET_PATHS = "\"LoginPage/Preview Content\"";
				DEVELOPMENT_TEAM = Q5Q99Q7248;
				ENABLE_PREVIEWS = YES;
				INFOPLIST_FILE = LoginPage/Info.plist;
				LD_RUNPATH_SEARCH_PATHS = (
					"$(inherited)",
					"@executable_path/Frameworks",
				);
				PRODUCT_BUNDLE_IDENTIFIER = com.andreasschultz.LoginPage;
				PRODUCT_NAME = "$(TARGET_NAME)";
				SWIFT_VERSION = 5.0;
				TARGETED_DEVICE_FAMILY = "1,2";
			};
			name = Release;
		};
		45D46C8123414DB8006AF595 /* Debug */ = {
			isa = XCBuildConfiguration;
			buildSettings = {
				ALWAYS_EMBED_SWIFT_STANDARD_LIBRARIES = YES;
				BUNDLE_LOADER = "$(TEST_HOST)";
				CODE_SIGN_STYLE = Automatic;
				DEVELOPMENT_TEAM = Q5Q99Q7248;
				INFOPLIST_FILE = LoginPageTests/Info.plist;
				IPHONEOS_DEPLOYMENT_TARGET = 13.1;
				LD_RUNPATH_SEARCH_PATHS = (
					"$(inherited)",
					"@executable_path/Frameworks",
					"@loader_path/Frameworks",
				);
				PRODUCT_BUNDLE_IDENTIFIER = com.andreasschultz.LoginPageTests;
				PRODUCT_NAME = "$(TARGET_NAME)";
				SWIFT_VERSION = 5.0;
				TARGETED_DEVICE_FAMILY = "1,2";
				TEST_HOST = "$(BUILT_PRODUCTS_DIR)/LoginPage.app/LoginPage";
			};
			name = Debug;
		};
		45D46C8223414DB8006AF595 /* Release */ = {
			isa = XCBuildConfiguration;
			buildSettings = {
				ALWAYS_EMBED_SWIFT_STANDARD_LIBRARIES = YES;
				BUNDLE_LOADER = "$(TEST_HOST)";
				CODE_SIGN_STYLE = Automatic;
				DEVELOPMENT_TEAM = Q5Q99Q7248;
				INFOPLIST_FILE = LoginPageTests/Info.plist;
				IPHONEOS_DEPLOYMENT_TARGET = 13.1;
				LD_RUNPATH_SEARCH_PATHS = (
					"$(inherited)",
					"@executable_path/Frameworks",
					"@loader_path/Frameworks",
				);
				PRODUCT_BUNDLE_IDENTIFIER = com.andreasschultz.LoginPageTests;
				PRODUCT_NAME = "$(TARGET_NAME)";
				SWIFT_VERSION = 5.0;
				TARGETED_DEVICE_FAMILY = "1,2";
				TEST_HOST = "$(BUILT_PRODUCTS_DIR)/LoginPage.app/LoginPage";
			};
			name = Release;
		};
		45D46C8423414DB8006AF595 /* Debug */ = {
			isa = XCBuildConfiguration;
			buildSettings = {
				ALWAYS_EMBED_SWIFT_STANDARD_LIBRARIES = YES;
				CODE_SIGN_STYLE = Automatic;
				DEVELOPMENT_TEAM = Q5Q99Q7248;
				INFOPLIST_FILE = LoginPageUITests/Info.plist;
				LD_RUNPATH_SEARCH_PATHS = (
					"$(inherited)",
					"@executable_path/Frameworks",
					"@loader_path/Frameworks",
				);
				PRODUCT_BUNDLE_IDENTIFIER = com.andreasschultz.LoginPageUITests;
				PRODUCT_NAME = "$(TARGET_NAME)";
				SWIFT_VERSION = 5.0;
				TARGETED_DEVICE_FAMILY = "1,2";
				TEST_TARGET_NAME = LoginPage;
			};
			name = Debug;
		};
		45D46C8523414DB8006AF595 /* Release */ = {
			isa = XCBuildConfiguration;
			buildSettings = {
				ALWAYS_EMBED_SWIFT_STANDARD_LIBRARIES = YES;
				CODE_SIGN_STYLE = Automatic;
				DEVELOPMENT_TEAM = Q5Q99Q7248;
				INFOPLIST_FILE = LoginPageUITests/Info.plist;
				LD_RUNPATH_SEARCH_PATHS = (
					"$(inherited)",
					"@executable_path/Frameworks",
					"@loader_path/Frameworks",
				);
				PRODUCT_BUNDLE_IDENTIFIER = com.andreasschultz.LoginPageUITests;
				PRODUCT_NAME = "$(TARGET_NAME)";
				SWIFT_VERSION = 5.0;
				TARGETED_DEVICE_FAMILY = "1,2";
				TEST_TARGET_NAME = LoginPage;
			};
			name = Release;
		};
/* End XCBuildConfiguration section */

/* Begin XCConfigurationList section */
		45D46C4E23414DB7006AF595 /* Build configuration list for PBXProject "LoginPage" */ = {
			isa = XCConfigurationList;
			buildConfigurations = (
				45D46C7B23414DB8006AF595 /* Debug */,
				45D46C7C23414DB8006AF595 /* Release */,
			);
			defaultConfigurationIsVisible = 0;
			defaultConfigurationName = Release;
		};
		45D46C7D23414DB8006AF595 /* Build configuration list for PBXNativeTarget "LoginPage" */ = {
			isa = XCConfigurationList;
			buildConfigurations = (
				45D46C7E23414DB8006AF595 /* Debug */,
				45D46C7F23414DB8006AF595 /* Release */,
			);
			defaultConfigurationIsVisible = 0;
			defaultConfigurationName = Release;
		};
		45D46C8023414DB8006AF595 /* Build configuration list for PBXNativeTarget "LoginPageTests" */ = {
			isa = XCConfigurationList;
			buildConfigurations = (
				45D46C8123414DB8006AF595 /* Debug */,
				45D46C8223414DB8006AF595 /* Release */,
			);
			defaultConfigurationIsVisible = 0;
			defaultConfigurationName = Release;
		};
		45D46C8323414DB8006AF595 /* Build configuration list for PBXNativeTarget "LoginPageUITests" */ = {
			isa = XCConfigurationList;
			buildConfigurations = (
				45D46C8423414DB8006AF595 /* Debug */,
				45D46C8523414DB8006AF595 /* Release */,
			);
			defaultConfigurationIsVisible = 0;
			defaultConfigurationName = Release;
		};
/* End XCConfigurationList section */
	};
	rootObject = 45D46C4B23414DB7006AF595 /* Project object */;
}
