// !$*UTF8*$!
{
	archiveVersion = 1;
	classes = {
	};
	objectVersion = 50;
	objects = {

/* Begin PBXBuildFile section */
		454CA1222341524600015660 /* ContentViewA.swift in Sources */ = {isa = PBXBuildFile; fileRef = 454CA11C2341524600015660 /* ContentViewA.swift */; };
		454CA1232341524600015660 /* ViewRouter.swift in Sources */ = {isa = PBXBuildFile; fileRef = 454CA11D2341524600015660 /* ViewRouter.swift */; };
		454CA1242341524600015660 /* ContentViewB.swift in Sources */ = {isa = PBXBuildFile; fileRef = 454CA11E2341524600015660 /* ContentViewB.swift */; };
		454CA1252341524600015660 /* SceneDelegate.swift in Sources */ = {isa = PBXBuildFile; fileRef = 454CA11F2341524600015660 /* SceneDelegate.swift */; };
		454CA1262341524600015660 /* AppDelegate.swift in Sources */ = {isa = PBXBuildFile; fileRef = 454CA1202341524600015660 /* AppDelegate.swift */; };
		454CA1272341524600015660 /* MotherView.swift in Sources */ = {isa = PBXBuildFile; fileRef = 454CA1212341524600015660 /* MotherView.swift */; };
		45D46CD523414DE1006AF595 /* Assets.xcassets in Resources */ = {isa = PBXBuildFile; fileRef = 45D46CD423414DE1006AF595 /* Assets.xcassets */; };
		45D46CD823414DE1006AF595 /* Preview Assets.xcassets in Resources */ = {isa = PBXBuildFile; fileRef = 45D46CD723414DE1006AF595 /* Preview Assets.xcassets */; };
		45D46CDB23414DE1006AF595 /* LaunchScreen.storyboard in Resources */ = {isa = PBXBuildFile; fileRef = 45D46CD923414DE1006AF595 /* LaunchScreen.storyboard */; };
		45D46CE623414DE2006AF595 /* NavigatingInSwiftUITests.swift in Sources */ = {isa = PBXBuildFile; fileRef = 45D46CE523414DE2006AF595 /* NavigatingInSwiftUITests.swift */; };
		45D46CF123414DE2006AF595 /* NavigatingInSwiftUIUITests.swift in Sources */ = {isa = PBXBuildFile; fileRef = 45D46CF023414DE2006AF595 /* NavigatingInSwiftUIUITests.swift */; };
/* End PBXBuildFile section */

/* Begin PBXContainerItemProxy section */
		45D46CE223414DE2006AF595 /* PBXContainerItemProxy */ = {
			isa = PBXContainerItemProxy;
			containerPortal = 45D46CC323414DE1006AF595 /* Project object */;
			proxyType = 1;
			remoteGlobalIDString = 45D46CCA23414DE1006AF595;
			remoteInfo = NavigatingInSwiftUI;
		};
		45D46CED23414DE2006AF595 /* PBXContainerItemProxy */ = {
			isa = PBXContainerItemProxy;
			containerPortal = 45D46CC323414DE1006AF595 /* Project object */;
			proxyType = 1;
			remoteGlobalIDString = 45D46CCA23414DE1006AF595;
			remoteInfo = NavigatingInSwiftUI;
		};
/* End PBXContainerItemProxy section */

/* Begin PBXFileReference section */
		454CA11B2341524600015660 /* NavigatingInSwiftUI-Bridging-Header.h */ = {isa = PBXFileReference; lastKnownFileType = sourcecode.c.h; path = "NavigatingInSwiftUI-Bridging-Header.h"; sourceTree = "<group>"; };
		454CA11C2341524600015660 /* ContentViewA.swift */ = {isa = PBXFileReference; fileEncoding = 4; lastKnownFileType = sourcecode.swift; path = ContentViewA.swift; sourceTree = "<group>"; };
		454CA11D2341524600015660 /* ViewRouter.swift */ = {isa = PBXFileReference; fileEncoding = 4; lastKnownFileType = sourcecode.swift; path = ViewRouter.swift; sourceTree = "<group>"; };
		454CA11E2341524600015660 /* ContentViewB.swift */ = {isa = PBXFileReference; fileEncoding = 4; lastKnownFileType = sourcecode.swift; path = ContentViewB.swift; sourceTree = "<group>"; };
		454CA11F2341524600015660 /* SceneDelegate.swift */ = {isa = PBXFileReference; fileEncoding = 4; lastKnownFileType = sourcecode.swift; path = SceneDelegate.swift; sourceTree = "<group>"; };
		454CA1202341524600015660 /* AppDelegate.swift */ = {isa = PBXFileReference; fileEncoding = 4; lastKnownFileType = sourcecode.swift; path = AppDelegate.swift; sourceTree = "<group>"; };
		454CA1212341524600015660 /* MotherView.swift */ = {isa = PBXFileReference; fileEncoding = 4; lastKnownFileType = sourcecode.swift; path = MotherView.swift; sourceTree = "<group>"; };
		45D46CCB23414DE1006AF595 /* NavigatingInSwiftUI.app */ = {isa = PBXFileReference; explicitFileType = wrapper.application; includeInIndex = 0; path = NavigatingInSwiftUI.app; sourceTree = BUILT_PRODUCTS_DIR; };
		45D46CD423414DE1006AF595 /* Assets.xcassets */ = {isa = PBXFileReference; lastKnownFileType = folder.assetcatalog; path = Assets.xcassets; sourceTree = "<group>"; };
		45D46CD723414DE1006AF595 /* Preview Assets.xcassets */ = {isa = PBXFileReference; lastKnownFileType = folder.assetcatalog; path = "Preview Assets.xcassets"; sourceTree = "<group>"; };
		45D46CDA23414DE1006AF595 /* Base */ = {isa = PBXFileReference; lastKnownFileType = file.storyboard; name = Base; path = Base.lproj/LaunchScreen.storyboard; sourceTree = "<group>"; };
		45D46CDC23414DE1006AF595 /* Info.plist */ = {isa = PBXFileReference; lastKnownFileType = text.plist.xml; path = Info.plist; sourceTree = "<group>"; };
		45D46CE123414DE2006AF595 /* NavigatingInSwiftUITests.xctest */ = {isa = PBXFileReference; explicitFileType = wrapper.cfbundle; includeInIndex = 0; path = NavigatingInSwiftUITests.xctest; sourceTree = BUILT_PRODUCTS_DIR; };
		45D46CE523414DE2006AF595 /* NavigatingInSwiftUITests.swift */ = {isa = PBXFileReference; lastKnownFileType = sourcecode.swift; path = NavigatingInSwiftUITests.swift; sourceTree = "<group>"; };
		45D46CE723414DE2006AF595 /* Info.plist */ = {isa = PBXFileReference; lastKnownFileType = text.plist.xml; path = Info.plist; sourceTree = "<group>"; };
		45D46CEC23414DE2006AF595 /* NavigatingInSwiftUIUITests.xctest */ = {isa = PBXFileReference; explicitFileType = wrapper.cfbundle; includeInIndex = 0; path = NavigatingInSwiftUIUITests.xctest; sourceTree = BUILT_PRODUCTS_DIR; };
		45D46CF023414DE2006AF595 /* NavigatingInSwiftUIUITests.swift */ = {isa = PBXFileReference; lastKnownFileType = sourcecode.swift; path = NavigatingInSwiftUIUITests.swift; sourceTree = "<group>"; };
		45D46CF223414DE2006AF595 /* Info.plist */ = {isa = PBXFileReference; lastKnownFileType = text.plist.xml; path = Info.plist; sourceTree = "<group>"; };
/* End PBXFileReference section */

/* Begin PBXFrameworksBuildPhase section */
		45D46CC823414DE1006AF595 /* Frameworks */ = {
			isa = PBXFrameworksBuildPhase;
			buildActionMask = 2147483647;
			files = (
			);
			runOnlyForDeploymentPostprocessing = 0;
		};
		45D46CDE23414DE2006AF595 /* Frameworks */ = {
			isa = PBXFrameworksBuildPhase;
			buildActionMask = 2147483647;
			files = (
			);
			runOnlyForDeploymentPostprocessing = 0;
		};
		45D46CE923414DE2006AF595 /* Frameworks */ = {
			isa = PBXFrameworksBuildPhase;
			buildActionMask = 2147483647;
			files = (
			);
			runOnlyForDeploymentPostprocessing = 0;
		};
/* End PBXFrameworksBuildPhase section */

/* Begin PBXGroup section */
		45D46CC223414DE1006AF595 = {
			isa = PBXGroup;
			children = (
				45D46CCD23414DE1006AF595 /* NavigatingInSwiftUI */,
				45D46CE423414DE2006AF595 /* NavigatingInSwiftUITests */,
				45D46CEF23414DE2006AF595 /* NavigatingInSwiftUIUITests */,
				45D46CCC23414DE1006AF595 /* Products */,
			);
			sourceTree = "<group>";
		};
		45D46CCC23414DE1006AF595 /* Products */ = {
			isa = PBXGroup;
			children = (
				45D46CCB23414DE1006AF595 /* NavigatingInSwiftUI.app */,
				45D46CE123414DE2006AF595 /* NavigatingInSwiftUITests.xctest */,
				45D46CEC23414DE2006AF595 /* NavigatingInSwiftUIUITests.xctest */,
			);
			name = Products;
			sourceTree = "<group>";
		};
		45D46CCD23414DE1006AF595 /* NavigatingInSwiftUI */ = {
			isa = PBXGroup;
			children = (
				454CA1202341524600015660 /* AppDelegate.swift */,
				454CA11C2341524600015660 /* ContentViewA.swift */,
				454CA11E2341524600015660 /* ContentViewB.swift */,
				454CA1212341524600015660 /* MotherView.swift */,
				454CA11F2341524600015660 /* SceneDelegate.swift */,
				454CA11D2341524600015660 /* ViewRouter.swift */,
				45D46CD423414DE1006AF595 /* Assets.xcassets */,
				45D46CD923414DE1006AF595 /* LaunchScreen.storyboard */,
				45D46CDC23414DE1006AF595 /* Info.plist */,
				45D46CD623414DE1006AF595 /* Preview Content */,
				454CA11B2341524600015660 /* NavigatingInSwiftUI-Bridging-Header.h */,
			);
			path = NavigatingInSwiftUI;
			sourceTree = "<group>";
		};
		45D46CD623414DE1006AF595 /* Preview Content */ = {
			isa = PBXGroup;
			children = (
				45D46CD723414DE1006AF595 /* Preview Assets.xcassets */,
			);
			path = "Preview Content";
			sourceTree = "<group>";
		};
		45D46CE423414DE2006AF595 /* NavigatingInSwiftUITests */ = {
			isa = PBXGroup;
			children = (
				45D46CE523414DE2006AF595 /* NavigatingInSwiftUITests.swift */,
				45D46CE723414DE2006AF595 /* Info.plist */,
			);
			path = NavigatingInSwiftUITests;
			sourceTree = "<group>";
		};
		45D46CEF23414DE2006AF595 /* NavigatingInSwiftUIUITests */ = {
			isa = PBXGroup;
			children = (
				45D46CF023414DE2006AF595 /* NavigatingInSwiftUIUITests.swift */,
				45D46CF223414DE2006AF595 /* Info.plist */,
			);
			path = NavigatingInSwiftUIUITests;
			sourceTree = "<group>";
		};
/* End PBXGroup section */

/* Begin PBXNativeTarget section */
		45D46CCA23414DE1006AF595 /* NavigatingInSwiftUI */ = {
			isa = PBXNativeTarget;
			buildConfigurationList = 45D46CF523414DE2006AF595 /* Build configuration list for PBXNativeTarget "NavigatingInSwiftUI" */;
			buildPhases = (
				45D46CC723414DE1006AF595 /* Sources */,
				45D46CC823414DE1006AF595 /* Frameworks */,
				45D46CC923414DE1006AF595 /* Resources */,
			);
			buildRules = (
			);
			dependencies = (
			);
			name = NavigatingInSwiftUI;
			productName = NavigatingInSwiftUI;
			productReference = 45D46CCB23414DE1006AF595 /* NavigatingInSwiftUI.app */;
			productType = "com.apple.product-type.application";
		};
		45D46CE023414DE2006AF595 /* NavigatingInSwiftUITests */ = {
			isa = PBXNativeTarget;
			buildConfigurationList = 45D46CF823414DE2006AF595 /* Build configuration list for PBXNativeTarget "NavigatingInSwiftUITests" */;
			buildPhases = (
				45D46CDD23414DE2006AF595 /* Sources */,
				45D46CDE23414DE2006AF595 /* Frameworks */,
				45D46CDF23414DE2006AF595 /* Resources */,
			);
			buildRules = (
			);
			dependencies = (
				45D46CE323414DE2006AF595 /* PBXTargetDependency */,
			);
			name = NavigatingInSwiftUITests;
			productName = NavigatingInSwiftUITests;
			productReference = 45D46CE123414DE2006AF595 /* NavigatingInSwiftUITests.xctest */;
			productType = "com.apple.product-type.bundle.unit-test";
		};
		45D46CEB23414DE2006AF595 /* NavigatingInSwiftUIUITests */ = {
			isa = PBXNativeTarget;
			buildConfigurationList = 45D46CFB23414DE2006AF595 /* Build configuration list for PBXNativeTarget "NavigatingInSwiftUIUITests" */;
			buildPhases = (
				45D46CE823414DE2006AF595 /* Sources */,
				45D46CE923414DE2006AF595 /* Frameworks */,
				45D46CEA23414DE2006AF595 /* Resources */,
			);
			buildRules = (
			);
			dependencies = (
				45D46CEE23414DE2006AF595 /* PBXTargetDependency */,
			);
			name = NavigatingInSwiftUIUITests;
			productName = NavigatingInSwiftUIUITests;
			productReference = 45D46CEC23414DE2006AF595 /* NavigatingInSwiftUIUITests.xctest */;
			productType = "com.apple.product-type.bundle.ui-testing";
		};
/* End PBXNativeTarget section */

/* Begin PBXProject section */
		45D46CC323414DE1006AF595 /* Project object */ = {
			isa = PBXProject;
			attributes = {
				LastSwiftUpdateCheck = 1110;
				LastUpgradeCheck = 1110;
				ORGANIZATIONNAME = "Andreas Schultz";
				TargetAttributes = {
					45D46CCA23414DE1006AF595 = {
						CreatedOnToolsVersion = 11.1;
						LastSwiftMigration = 1110;
					};
					45D46CE023414DE2006AF595 = {
						CreatedOnToolsVersion = 11.1;
						TestTargetID = 45D46CCA23414DE1006AF595;
					};
					45D46CEB23414DE2006AF595 = {
						CreatedOnToolsVersion = 11.1;
						TestTargetID = 45D46CCA23414DE1006AF595;
					};
				};
			};
			buildConfigurationList = 45D46CC623414DE1006AF595 /* Build configuration list for PBXProject "NavigatingInSwiftUI" */;
			compatibilityVersion = "Xcode 9.3";
			developmentRegion = en;
			hasScannedForEncodings = 0;
			knownRegions = (
				en,
				Base,
			);
			mainGroup = 45D46CC223414DE1006AF595;
			productRefGroup = 45D46CCC23414DE1006AF595 /* Products */;
			projectDirPath = "";
			projectRoot = "";
			targets = (
				45D46CCA23414DE1006AF595 /* NavigatingInSwiftUI */,
				45D46CE023414DE2006AF595 /* NavigatingInSwiftUITests */,
				45D46CEB23414DE2006AF595 /* NavigatingInSwiftUIUITests */,
			);
		};
/* End PBXProject section */

/* Begin PBXResourcesBuildPhase section */
		45D46CC923414DE1006AF595 /* Resources */ = {
			isa = PBXResourcesBuildPhase;
			buildActionMask = 2147483647;
			files = (
				45D46CDB23414DE1006AF595 /* LaunchScreen.storyboard in Resources */,
				45D46CD823414DE1006AF595 /* Preview Assets.xcassets in Resources */,
				45D46CD523414DE1006AF595 /* Assets.xcassets in Resources */,
			);
			runOnlyForDeploymentPostprocessing = 0;
		};
		45D46CDF23414DE2006AF595 /* Resources */ = {
			isa = PBXResourcesBuildPhase;
			buildActionMask = 2147483647;
			files = (
			);
			runOnlyForDeploymentPostprocessing = 0;
		};
		45D46CEA23414DE2006AF595 /* Resources */ = {
			isa = PBXResourcesBuildPhase;
			buildActionMask = 2147483647;
			files = (
			);
			runOnlyForDeploymentPostprocessing = 0;
		};
/* End PBXResourcesBuildPhase section */

/* Begin PBXSourcesBuildPhase section */
		45D46CC723414DE1006AF595 /* Sources */ = {
			isa = PBXSourcesBuildPhase;
			buildActionMask = 2147483647;
			files = (
				454CA1222341524600015660 /* ContentViewA.swift in Sources */,
				454CA1272341524600015660 /* MotherView.swift in Sources */,
				454CA1232341524600015660 /* ViewRouter.swift in Sources */,
				454CA1242341524600015660 /* ContentViewB.swift in Sources */,
				454CA1262341524600015660 /* AppDelegate.swift in Sources */,
				454CA1252341524600015660 /* SceneDelegate.swift in Sources */,
			);
			runOnlyForDeploymentPostprocessing = 0;
		};
		45D46CDD23414DE2006AF595 /* Sources */ = {
			isa = PBXSourcesBuildPhase;
			buildActionMask = 2147483647;
			files = (
				45D46CE623414DE2006AF595 /* NavigatingInSwiftUITests.swift in Sources */,
			);
			runOnlyForDeploymentPostprocessing = 0;
		};
		45D46CE823414DE2006AF595 /* Sources */ = {
			isa = PBXSourcesBuildPhase;
			buildActionMask = 2147483647;
			files = (
				45D46CF123414DE2006AF595 /* NavigatingInSwiftUIUITests.swift in Sources */,
			);
			runOnlyForDeploymentPostprocessing = 0;
		};
/* End PBXSourcesBuildPhase section */

/* Begin PBXTargetDependency section */
		45D46CE323414DE2006AF595 /* PBXTargetDependency */ = {
			isa = PBXTargetDependency;
			target = 45D46CCA23414DE1006AF595 /* NavigatingInSwiftUI */;
			targetProxy = 45D46CE223414DE2006AF595 /* PBXContainerItemProxy */;
		};
		45D46CEE23414DE2006AF595 /* PBXTargetDependency */ = {
			isa = PBXTargetDependency;
			target = 45D46CCA23414DE1006AF595 /* NavigatingInSwiftUI */;
			targetProxy = 45D46CED23414DE2006AF595 /* PBXContainerItemProxy */;
		};
/* End PBXTargetDependency section */

/* Begin PBXVariantGroup section */
		45D46CD923414DE1006AF595 /* LaunchScreen.storyboard */ = {
			isa = PBXVariantGroup;
			children = (
				45D46CDA23414DE1006AF595 /* Base */,
			);
			name = LaunchScreen.storyboard;
			sourceTree = "<group>";
		};
/* End PBXVariantGroup section */

/* Begin XCBuildConfiguration section */
		45D46CF323414DE2006AF595 /* Debug */ = {
			isa = XCBuildConfiguration;
			buildSettings = {
				ALWAYS_SEARCH_USER_PATHS = NO;
				CLANG_ANALYZER_NONNULL = YES;
				CLANG_ANALYZER_NUMBER_OBJECT_CONVERSION = YES_AGGRESSIVE;
				CLANG_CXX_LANGUAGE_STANDARD = "gnu++14";
				CLANG_CXX_LIBRARY = "libc++";
				CLANG_ENABLE_MODULES = YES;
				CLANG_ENABLE_OBJC_ARC = YES;
				CLANG_ENABLE_OBJC_WEAK = YES;
				CLANG_WARN_BLOCK_CAPTURE_AUTORELEASING = YES;
				CLANG_WARN_BOOL_CONVERSION = YES;
				CLANG_WARN_COMMA = YES;
				CLANG_WARN_CONSTANT_CONVERSION = YES;
				CLANG_WARN_DEPRECATED_OBJC_IMPLEMENTATIONS = YES;
				CLANG_WARN_DIRECT_OBJC_ISA_USAGE = YES_ERROR;
				CLANG_WARN_DOCUMENTATION_COMMENTS = YES;
				CLANG_WARN_EMPTY_BODY = YES;
				CLANG_WARN_ENUM_CONVERSION = YES;
				CLANG_WARN_INFINITE_RECURSION = YES;
				CLANG_WARN_INT_CONVERSION = YES;
				CLANG_WARN_NON_LITERAL_NULL_CONVERSION = YES;
				CLANG_WARN_OBJC_IMPLICIT_RETAIN_SELF = YES;
				CLANG_WARN_OBJC_LITERAL_CONVERSION = YES;
				CLANG_WARN_OBJC_ROOT_CLASS = YES_ERROR;
				CLANG_WARN_RANGE_LOOP_ANALYSIS = YES;
				CLANG_WARN_STRICT_PROTOTYPES = YES;
				CLANG_WARN_SUSPICIOUS_MOVE = YES;
				CLANG_WARN_UNGUARDED_AVAILABILITY = YES_AGGRESSIVE;
				CLANG_WARN_UNREACHABLE_CODE = YES;
				CLANG_WARN__DUPLICATE_METHOD_MATCH = YES;
				COPY_PHASE_STRIP = NO;
				DEBUG_INFORMATION_FORMAT = dwarf;
				ENABLE_STRICT_OBJC_MSGSEND = YES;
				ENABLE_TESTABILITY = YES;
				GCC_C_LANGUAGE_STANDARD = gnu11;
				GCC_DYNAMIC_NO_PIC = NO;
				GCC_NO_COMMON_BLOCKS = YES;
				GCC_OPTIMIZATION_LEVEL = 0;
				GCC_PREPROCESSOR_DEFINITIONS = (
					"DEBUG=1",
					"$(inherited)",
				);
				GCC_WARN_64_TO_32_BIT_CONVERSION = YES;
				GCC_WARN_ABOUT_RETURN_TYPE = YES_ERROR;
				GCC_WARN_UNDECLARED_SELECTOR = YES;
				GCC_WARN_UNINITIALIZED_AUTOS = YES_AGGRESSIVE;
				GCC_WARN_UNUSED_FUNCTION = YES;
				GCC_WARN_UNUSED_VARIABLE = YES;
				IPHONEOS_DEPLOYMENT_TARGET = 13.1;
				MTL_ENABLE_DEBUG_INFO = INCLUDE_SOURCE;
				MTL_FAST_MATH = YES;
				ONLY_ACTIVE_ARCH = YES;
				SDKROOT = iphoneos;
				SWIFT_ACTIVE_COMPILATION_CONDITIONS = DEBUG;
				SWIFT_OPTIMIZATION_LEVEL = "-Onone";
			};
			name = Debug;
		};
		45D46CF423414DE2006AF595 /* Release */ = {
			isa = XCBuildConfiguration;
			buildSettings = {
				ALWAYS_SEARCH_USER_PATHS = NO;
				CLANG_ANALYZER_NONNULL = YES;
				CLANG_ANALYZER_NUMBER_OBJECT_CONVERSION = YES_AGGRESSIVE;
				CLANG_CXX_LANGUAGE_STANDARD = "gnu++14";
				CLANG_CXX_LIBRARY = "libc++";
				CLANG_ENABLE_MODULES = YES;
				CLANG_ENABLE_OBJC_ARC = YES;
				CLANG_ENABLE_OBJC_WEAK = YES;
				CLANG_WARN_BLOCK_CAPTURE_AUTORELEASING = YES;
				CLANG_WARN_BOOL_CONVERSION = YES;
				CLANG_WARN_COMMA = YES;
				CLANG_WARN_CONSTANT_CONVERSION = YES;
				CLANG_WARN_DEPRECATED_OBJC_IMPLEMENTATIONS = YES;
				CLANG_WARN_DIRECT_OBJC_ISA_USAGE = YES_ERROR;
				CLANG_WARN_DOCUMENTATION_COMMENTS = YES;
				CLANG_WARN_EMPTY_BODY = YES;
				CLANG_WARN_ENUM_CONVERSION = YES;
				CLANG_WARN_INFINITE_RECURSION = YES;
				CLANG_WARN_INT_CONVERSION = YES;
				CLANG_WARN_NON_LITERAL_NULL_CONVERSION = YES;
				CLANG_WARN_OBJC_IMPLICIT_RETAIN_SELF = YES;
				CLANG_WARN_OBJC_LITERAL_CONVERSION = YES;
				CLANG_WARN_OBJC_ROOT_CLASS = YES_ERROR;
				CLANG_WARN_RANGE_LOOP_ANALYSIS = YES;
				CLANG_WARN_STRICT_PROTOTYPES = YES;
				CLANG_WARN_SUSPICIOUS_MOVE = YES;
				CLANG_WARN_UNGUARDED_AVAILABILITY = YES_AGGRESSIVE;
				CLANG_WARN_UNREACHABLE_CODE = YES;
				CLANG_WARN__DUPLICATE_METHOD_MATCH = YES;
				COPY_PHASE_STRIP = NO;
				DEBUG_INFORMATION_FORMAT = "dwarf-with-dsym";
				ENABLE_NS_ASSERTIONS = NO;
				ENABLE_STRICT_OBJC_MSGSEND = YES;
				GCC_C_LANGUAGE_STANDARD = gnu11;
				GCC_NO_COMMON_BLOCKS = YES;
				GCC_WARN_64_TO_32_BIT_CONVERSION = YES;
				GCC_WARN_ABOUT_RETURN_TYPE = YES_ERROR;
				GCC_WARN_UNDECLARED_SELECTOR = YES;
				GCC_WARN_UNINITIALIZED_AUTOS = YES_AGGRESSIVE;
				GCC_WARN_UNUSED_FUNCTION = YES;
				GCC_WARN_UNUSED_VARIABLE = YES;
				IPHONEOS_DEPLOYMENT_TARGET = 13.1;
				MTL_ENABLE_DEBUG_INFO = NO;
				MTL_FAST_MATH = YES;
				SDKROOT = iphoneos;
				SWIFT_COMPILATION_MODE = wholemodule;
				SWIFT_OPTIMIZATION_LEVEL = "-O";
				VALIDATE_PRODUCT = YES;
			};
			name = Release;
		};
		45D46CF623414DE2006AF595 /* Debug */ = {
			isa = XCBuildConfiguration;
			buildSettings = {
				ASSETCATALOG_COMPILER_APPICON_NAME = AppIcon;
				CLANG_ENABLE_MODULES = YES;
				CODE_SIGN_STYLE = Automatic;
				DEVELOPMENT_ASSET_PATHS = "\"NavigatingInSwiftUI/Preview Content\"";
				DEVELOPMENT_TEAM = Q5Q99Q7248;
				ENABLE_PREVIEWS = YES;
				INFOPLIST_FILE = NavigatingInSwiftUI/Info.plist;
				LD_RUNPATH_SEARCH_PATHS = (
					"$(inherited)",
					"@executable_path/Frameworks",
				);
				PRODUCT_BUNDLE_IDENTIFIER = com.andreasschultz.NavigatingInSwiftUI;
				PRODUCT_NAME = "$(TARGET_NAME)";
				SWIFT_OBJC_BRIDGING_HEADER = "NavigatingInSwiftUI/NavigatingInSwiftUI-Bridging-Header.h";
				SWIFT_OPTIMIZATION_LEVEL = "-Onone";
				SWIFT_VERSION = 5.0;
				TARGETED_DEVICE_FAMILY = "1,2";
			};
			name = Debug;
		};
		45D46CF723414DE2006AF595 /* Release */ = {
			isa = XCBuildConfiguration;
			buildSettings = {
				ASSETCATALOG_COMPILER_APPICON_NAME = AppIcon;
				CLANG_ENABLE_MODULES = YES;
				CODE_SIGN_STYLE = Automatic;
				DEVELOPMENT_ASSET_PATHS = "\"NavigatingInSwiftUI/Preview Content\"";
				DEVELOPMENT_TEAM = Q5Q99Q7248;
				ENABLE_PREVIEWS = YES;
				INFOPLIST_FILE = NavigatingInSwiftUI/Info.plist;
				LD_RUNPATH_SEARCH_PATHS = (
					"$(inherited)",
					"@executable_path/Frameworks",
				);
				PRODUCT_BUNDLE_IDENTIFIER = com.andreasschultz.NavigatingInSwiftUI;
				PRODUCT_NAME = "$(TARGET_NAME)";
				SWIFT_OBJC_BRIDGING_HEADER = "NavigatingInSwiftUI/NavigatingInSwiftUI-Bridging-Header.h";
				SWIFT_VERSION = 5.0;
				TARGETED_DEVICE_FAMILY = "1,2";
			};
			name = Release;
		};
		45D46CF923414DE2006AF595 /* Debug */ = {
			isa = XCBuildConfiguration;
			buildSettings = {
				ALWAYS_EMBED_SWIFT_STANDARD_LIBRARIES = YES;
				BUNDLE_LOADER = "$(TEST_HOST)";
				CODE_SIGN_STYLE = Automatic;
				DEVELOPMENT_TEAM = Q5Q99Q7248;
				INFOPLIST_FILE = NavigatingInSwiftUITests/Info.plist;
				IPHONEOS_DEPLOYMENT_TARGET = 13.1;
				LD_RUNPATH_SEARCH_PATHS = (
					"$(inherited)",
					"@executable_path/Frameworks",
					"@loader_path/Frameworks",
				);
				PRODUCT_BUNDLE_IDENTIFIER = com.andreasschultz.NavigatingInSwiftUITests;
				PRODUCT_NAME = "$(TARGET_NAME)";
				SWIFT_VERSION = 5.0;
				TARGETED_DEVICE_FAMILY = "1,2";
				TEST_HOST = "$(BUILT_PRODUCTS_DIR)/NavigatingInSwiftUI.app/NavigatingInSwiftUI";
			};
			name = Debug;
		};
		45D46CFA23414DE2006AF595 /* Release */ = {
			isa = XCBuildConfiguration;
			buildSettings = {
				ALWAYS_EMBED_SWIFT_STANDARD_LIBRARIES = YES;
				BUNDLE_LOADER = "$(TEST_HOST)";
				CODE_SIGN_STYLE = Automatic;
				DEVELOPMENT_TEAM = Q5Q99Q7248;
				INFOPLIST_FILE = NavigatingInSwiftUITests/Info.plist;
				IPHONEOS_DEPLOYMENT_TARGET = 13.1;
				LD_RUNPATH_SEARCH_PATHS = (
					"$(inherited)",
					"@executable_path/Frameworks",
					"@loader_path/Frameworks",
				);
				PRODUCT_BUNDLE_IDENTIFIER = com.andreasschultz.NavigatingInSwiftUITests;
				PRODUCT_NAME = "$(TARGET_NAME)";
				SWIFT_VERSION = 5.0;
				TARGETED_DEVICE_FAMILY = "1,2";
				TEST_HOST = "$(BUILT_PRODUCTS_DIR)/NavigatingInSwiftUI.app/NavigatingInSwiftUI";
			};
			name = Release;
		};
		45D46CFC23414DE2006AF595 /* Debug */ = {
			isa = XCBuildConfiguration;
			buildSettings = {
				ALWAYS_EMBED_SWIFT_STANDARD_LIBRARIES = YES;
				CODE_SIGN_STYLE = Automatic;
				DEVELOPMENT_TEAM = Q5Q99Q7248;
				INFOPLIST_FILE = NavigatingInSwiftUIUITests/Info.plist;
				LD_RUNPATH_SEARCH_PATHS = (
					"$(inherited)",
					"@executable_path/Frameworks",
					"@loader_path/Frameworks",
				);
				PRODUCT_BUNDLE_IDENTIFIER = com.andreasschultz.NavigatingInSwiftUIUITests;
				PRODUCT_NAME = "$(TARGET_NAME)";
				SWIFT_VERSION = 5.0;
				TARGETED_DEVICE_FAMILY = "1,2";
				TEST_TARGET_NAME = NavigatingInSwiftUI;
			};
			name = Debug;
		};
		45D46CFD23414DE2006AF595 /* Release */ = {
			isa = XCBuildConfiguration;
			buildSettings = {
				ALWAYS_EMBED_SWIFT_STANDARD_LIBRARIES = YES;
				CODE_SIGN_STYLE = Automatic;
				DEVELOPMENT_TEAM = Q5Q99Q7248;
				INFOPLIST_FILE = NavigatingInSwiftUIUITests/Info.plist;
				LD_RUNPATH_SEARCH_PATHS = (
					"$(inherited)",
					"@executable_path/Frameworks",
					"@loader_path/Frameworks",
				);
				PRODUCT_BUNDLE_IDENTIFIER = com.andreasschultz.NavigatingInSwiftUIUITests;
				PRODUCT_NAME = "$(TARGET_NAME)";
				SWIFT_VERSION = 5.0;
				TARGETED_DEVICE_FAMILY = "1,2";
				TEST_TARGET_NAME = NavigatingInSwiftUI;
			};
			name = Release;
		};
/* End XCBuildConfiguration section */

/* Begin XCConfigurationList section */
		45D46CC623414DE1006AF595 /* Build configuration list for PBXProject "NavigatingInSwiftUI" */ = {
			isa = XCConfigurationList;
			buildConfigurations = (
				45D46CF323414DE2006AF595 /* Debug */,
				45D46CF423414DE2006AF595 /* Release */,
			);
			defaultConfigurationIsVisible = 0;
			defaultConfigurationName = Release;
		};
		45D46CF523414DE2006AF595 /* Build configuration list for PBXNativeTarget "NavigatingInSwiftUI" */ = {
			isa = XCConfigurationList;
			buildConfigurations = (
				45D46CF623414DE2006AF595 /* Debug */,
				45D46CF723414DE2006AF595 /* Release */,
			);
			defaultConfigurationIsVisible = 0;
			defaultConfigurationName = Release;
		};
		45D46CF823414DE2006AF595 /* Build configuration list for PBXNativeTarget "NavigatingInSwiftUITests" */ = {
			isa = XCConfigurationList;
			buildConfigurations = (
				45D46CF923414DE2006AF595 /* Debug */,
				45D46CFA23414DE2006AF595 /* Release */,
			);
			defaultConfigurationIsVisible = 0;
			defaultConfigurationName = Release;
		};
		45D46CFB23414DE2006AF595 /* Build configuration list for PBXNativeTarget "NavigatingInSwiftUIUITests" */ = {
			isa = XCConfigurationList;
			buildConfigurations = (
				45D46CFC23414DE2006AF595 /* Debug */,
				45D46CFD23414DE2006AF595 /* Release */,
			);
			defaultConfigurationIsVisible = 0;
			defaultConfigurationName = Release;
		};
/* End XCConfigurationList section */
	};
	rootObject = 45D46CC323414DE1006AF595 /* Project object */;
}
