// !$*UTF8*$!
{
	archiveVersion = 1;
	classes = {
	};
	objectVersion = 50;
	objects = {

/* Begin PBXBuildFile section */
		450A92E422E1528D000F9D9F /* AppDelegate.swift in Sources */ = {isa = PBXBuildFile; fileRef = 450A92E322E1528D000F9D9F /* AppDelegate.swift */; };
		450A92E622E1528D000F9D9F /* SceneDelegate.swift in Sources */ = {isa = PBXBuildFile; fileRef = 450A92E522E1528D000F9D9F /* SceneDelegate.swift */; };
		450A92EA22E1528F000F9D9F /* Assets.xcassets in Resources */ = {isa = PBXBuildFile; fileRef = 450A92E922E1528F000F9D9F /* Assets.xcassets */; };
		450A92ED22E1528F000F9D9F /* Preview Assets.xcassets in Resources */ = {isa = PBXBuildFile; fileRef = 450A92EC22E1528F000F9D9F /* Preview Assets.xcassets */; };
		450A92F022E1528F000F9D9F /* LaunchScreen.storyboard in Resources */ = {isa = PBXBuildFile; fileRef = 450A92EE22E1528F000F9D9F /* LaunchScreen.storyboard */; };
		450A92FB22E1528F000F9D9F /* NavigateInSwiftUIStarterTests.swift in Sources */ = {isa = PBXBuildFile; fileRef = 450A92FA22E1528F000F9D9F /* NavigateInSwiftUIStarterTests.swift */; };
		450A930622E1528F000F9D9F /* NavigateInSwiftUIStarterUITests.swift in Sources */ = {isa = PBXBuildFile; fileRef = 450A930522E1528F000F9D9F /* NavigateInSwiftUIStarterUITests.swift */; };
		450A931422E1529B000F9D9F /* ContentViewA.swift in Sources */ = {isa = PBXBuildFile; fileRef = 450A931322E1529B000F9D9F /* ContentViewA.swift */; };
		450A931622E152A0000F9D9F /* ContentViewB.swift in Sources */ = {isa = PBXBuildFile; fileRef = 450A931522E152A0000F9D9F /* ContentViewB.swift */; };
/* End PBXBuildFile section */

/* Begin PBXContainerItemProxy section */
		450A92F722E1528F000F9D9F /* PBXContainerItemProxy */ = {
			isa = PBXContainerItemProxy;
			containerPortal = 450A92D822E1528D000F9D9F /* Project object */;
			proxyType = 1;
			remoteGlobalIDString = 450A92DF22E1528D000F9D9F;
			remoteInfo = NavigateInSwiftUIStarter;
		};
		450A930222E1528F000F9D9F /* PBXContainerItemProxy */ = {
			isa = PBXContainerItemProxy;
			containerPortal = 450A92D822E1528D000F9D9F /* Project object */;
			proxyType = 1;
			remoteGlobalIDString = 450A92DF22E1528D000F9D9F;
			remoteInfo = NavigateInSwiftUIStarter;
		};
/* End PBXContainerItemProxy section */

/* Begin PBXFileReference section */
		450A92E022E1528D000F9D9F /* NavigateInSwiftUIStarter.app */ = {isa = PBXFileReference; explicitFileType = wrapper.application; includeInIndex = 0; path = NavigateInSwiftUIStarter.app; sourceTree = BUILT_PRODUCTS_DIR; };
		450A92E322E1528D000F9D9F /* AppDelegate.swift */ = {isa = PBXFileReference; lastKnownFileType = sourcecode.swift; path = AppDelegate.swift; sourceTree = "<group>"; };
		450A92E522E1528D000F9D9F /* SceneDelegate.swift */ = {isa = PBXFileReference; lastKnownFileType = sourcecode.swift; path = SceneDelegate.swift; sourceTree = "<group>"; };
		450A92E922E1528F000F9D9F /* Assets.xcassets */ = {isa = PBXFileReference; lastKnownFileType = folder.assetcatalog; path = Assets.xcassets; sourceTree = "<group>"; };
		450A92EC22E1528F000F9D9F /* Preview Assets.xcassets */ = {isa = PBXFileReference; lastKnownFileType = folder.assetcatalog; path = "Preview Assets.xcassets"; sourceTree = "<group>"; };
		450A92EF22E1528F000F9D9F /* Base */ = {isa = PBXFileReference; lastKnownFileType = file.storyboard; name = Base; path = Base.lproj/LaunchScreen.storyboard; sourceTree = "<group>"; };
		450A92F122E1528F000F9D9F /* Info.plist */ = {isa = PBXFileReference; lastKnownFileType = text.plist.xml; path = Info.plist; sourceTree = "<group>"; };
		450A92F622E1528F000F9D9F /* NavigateInSwiftUIStarterTests.xctest */ = {isa = PBXFileReference; explicitFileType = wrapper.cfbundle; includeInIndex = 0; path = NavigateInSwiftUIStarterTests.xctest; sourceTree = BUILT_PRODUCTS_DIR; };
		450A92FA22E1528F000F9D9F /* NavigateInSwiftUIStarterTests.swift */ = {isa = PBXFileReference; lastKnownFileType = sourcecode.swift; path = NavigateInSwiftUIStarterTests.swift; sourceTree = "<group>"; };
		450A92FC22E1528F000F9D9F /* Info.plist */ = {isa = PBXFileReference; lastKnownFileType = text.plist.xml; path = Info.plist; sourceTree = "<group>"; };
		450A930122E1528F000F9D9F /* NavigateInSwiftUIStarterUITests.xctest */ = {isa = PBXFileReference; explicitFileType = wrapper.cfbundle; includeInIndex = 0; path = NavigateInSwiftUIStarterUITests.xctest; sourceTree = BUILT_PRODUCTS_DIR; };
		450A930522E1528F000F9D9F /* NavigateInSwiftUIStarterUITests.swift */ = {isa = PBXFileReference; lastKnownFileType = sourcecode.swift; path = NavigateInSwiftUIStarterUITests.swift; sourceTree = "<group>"; };
		450A930722E1528F000F9D9F /* Info.plist */ = {isa = PBXFileReference; lastKnownFileType = text.plist.xml; path = Info.plist; sourceTree = "<group>"; };
		450A931322E1529B000F9D9F /* ContentViewA.swift */ = {isa = PBXFileReference; fileEncoding = 4; lastKnownFileType = sourcecode.swift; path = ContentViewA.swift; sourceTree = "<group>"; };
		450A931522E152A0000F9D9F /* ContentViewB.swift */ = {isa = PBXFileReference; fileEncoding = 4; lastKnownFileType = sourcecode.swift; path = ContentViewB.swift; sourceTree = "<group>"; };
/* End PBXFileReference section */

/* Begin PBXFrameworksBuildPhase section */
		450A92DD22E1528D000F9D9F /* Frameworks */ = {
			isa = PBXFrameworksBuildPhase;
			buildActionMask = 2147483647;
			files = (
			);
			runOnlyForDeploymentPostprocessing = 0;
		};
		450A92F322E1528F000F9D9F /* Frameworks */ = {
			isa = PBXFrameworksBuildPhase;
			buildActionMask = 2147483647;
			files = (
			);
			runOnlyForDeploymentPostprocessing = 0;
		};
		450A92FE22E1528F000F9D9F /* Frameworks */ = {
			isa = PBXFrameworksBuildPhase;
			buildActionMask = 2147483647;
			files = (
			);
			runOnlyForDeploymentPostprocessing = 0;
		};
/* End PBXFrameworksBuildPhase section */

/* Begin PBXGroup section */
		450A92D722E1528D000F9D9F = {
			isa = PBXGroup;
			children = (
				450A92E222E1528D000F9D9F /* NavigateInSwiftUIStarter */,
				450A92F922E1528F000F9D9F /* NavigateInSwiftUIStarterTests */,
				450A930422E1528F000F9D9F /* NavigateInSwiftUIStarterUITests */,
				450A92E122E1528D000F9D9F /* Products */,
			);
			sourceTree = "<group>";
		};
		450A92E122E1528D000F9D9F /* Products */ = {
			isa = PBXGroup;
			children = (
				450A92E022E1528D000F9D9F /* NavigateInSwiftUIStarter.app */,
				450A92F622E1528F000F9D9F /* NavigateInSwiftUIStarterTests.xctest */,
				450A930122E1528F000F9D9F /* NavigateInSwiftUIStarterUITests.xctest */,
			);
			name = Products;
			sourceTree = "<group>";
		};
		450A92E222E1528D000F9D9F /* NavigateInSwiftUIStarter */ = {
			isa = PBXGroup;
			children = (
				450A92E322E1528D000F9D9F /* AppDelegate.swift */,
				450A92E522E1528D000F9D9F /* SceneDelegate.swift */,
				450A931322E1529B000F9D9F /* ContentViewA.swift */,
				450A931522E152A0000F9D9F /* ContentViewB.swift */,
				450A92E922E1528F000F9D9F /* Assets.xcassets */,
				450A92EE22E1528F000F9D9F /* LaunchScreen.storyboard */,
				450A92F122E1528F000F9D9F /* Info.plist */,
				450A92EB22E1528F000F9D9F /* Preview Content */,
			);
			path = NavigateInSwiftUIStarter;
			sourceTree = "<group>";
		};
		450A92EB22E1528F000F9D9F /* Preview Content */ = {
			isa = PBXGroup;
			children = (
				450A92EC22E1528F000F9D9F /* Preview Assets.xcassets */,
			);
			path = "Preview Content";
			sourceTree = "<group>";
		};
		450A92F922E1528F000F9D9F /* NavigateInSwiftUIStarterTests */ = {
			isa = PBXGroup;
			children = (
				450A92FA22E1528F000F9D9F /* NavigateInSwiftUIStarterTests.swift */,
				450A92FC22E1528F000F9D9F /* Info.plist */,
			);
			path = NavigateInSwiftUIStarterTests;
			sourceTree = "<group>";
		};
		450A930422E1528F000F9D9F /* NavigateInSwiftUIStarterUITests */ = {
			isa = PBXGroup;
			children = (
				450A930522E1528F000F9D9F /* NavigateInSwiftUIStarterUITests.swift */,
				450A930722E1528F000F9D9F /* Info.plist */,
			);
			path = NavigateInSwiftUIStarterUITests;
			sourceTree = "<group>";
		};
/* End PBXGroup section */

/* Begin PBXNativeTarget section */
		450A92DF22E1528D000F9D9F /* NavigateInSwiftUIStarter */ = {
			isa = PBXNativeTarget;
			buildConfigurationList = 450A930A22E15290000F9D9F /* Build configuration list for PBXNativeTarget "NavigateInSwiftUIStarter" */;
			buildPhases = (
				450A92DC22E1528D000F9D9F /* Sources */,
				450A92DD22E1528D000F9D9F /* Frameworks */,
				450A92DE22E1528D000F9D9F /* Resources */,
			);
			buildRules = (
			);
			dependencies = (
			);
			name = NavigateInSwiftUIStarter;
			productName = NavigateInSwiftUIStarter;
			productReference = 450A92E022E1528D000F9D9F /* NavigateInSwiftUIStarter.app */;
			productType = "com.apple.product-type.application";
		};
		450A92F522E1528F000F9D9F /* NavigateInSwiftUIStarterTests */ = {
			isa = PBXNativeTarget;
			buildConfigurationList = 450A930D22E15290000F9D9F /* Build configuration list for PBXNativeTarget "NavigateInSwiftUIStarterTests" */;
			buildPhases = (
				450A92F222E1528F000F9D9F /* Sources */,
				450A92F322E1528F000F9D9F /* Frameworks */,
				450A92F422E1528F000F9D9F /* Resources */,
			);
			buildRules = (
			);
			dependencies = (
				450A92F822E1528F000F9D9F /* PBXTargetDependency */,
			);
			name = NavigateInSwiftUIStarterTests;
			productName = NavigateInSwiftUIStarterTests;
			productReference = 450A92F622E1528F000F9D9F /* NavigateInSwiftUIStarterTests.xctest */;
			productType = "com.apple.product-type.bundle.unit-test";
		};
		450A930022E1528F000F9D9F /* NavigateInSwiftUIStarterUITests */ = {
			isa = PBXNativeTarget;
			buildConfigurationList = 450A931022E15290000F9D9F /* Build configuration list for PBXNativeTarget "NavigateInSwiftUIStarterUITests" */;
			buildPhases = (
				450A92FD22E1528F000F9D9F /* Sources */,
				450A92FE22E1528F000F9D9F /* Frameworks */,
				450A92FF22E1528F000F9D9F /* Resources */,
			);
			buildRules = (
			);
			dependencies = (
				450A930322E1528F000F9D9F /* PBXTargetDependency */,
			);
			name = NavigateInSwiftUIStarterUITests;
			productName = NavigateInSwiftUIStarterUITests;
			productReference = 450A930122E1528F000F9D9F /* NavigateInSwiftUIStarterUITests.xctest */;
			productType = "com.apple.product-type.bundle.ui-testing";
		};
/* End PBXNativeTarget section */

/* Begin PBXProject section */
		450A92D822E1528D000F9D9F /* Project object */ = {
			isa = PBXProject;
			attributes = {
				LastSwiftUpdateCheck = 1100;
				LastUpgradeCheck = 1100;
				ORGANIZATIONNAME = "Andreas Schultz";
				TargetAttributes = {
					450A92DF22E1528D000F9D9F = {
						CreatedOnToolsVersion = 11.0;
					};
					450A92F522E1528F000F9D9F = {
						CreatedOnToolsVersion = 11.0;
						TestTargetID = 450A92DF22E1528D000F9D9F;
					};
					450A930022E1528F000F9D9F = {
						CreatedOnToolsVersion = 11.0;
						TestTargetID = 450A92DF22E1528D000F9D9F;
					};
				};
			};
			buildConfigurationList = 450A92DB22E1528D000F9D9F /* Build configuration list for PBXProject "NavigateInSwiftUIStarter" */;
			compatibilityVersion = "Xcode 9.3";
			developmentRegion = en;
			hasScannedForEncodings = 0;
			knownRegions = (
				en,
				Base,
			);
			mainGroup = 450A92D722E1528D000F9D9F;
			productRefGroup = 450A92E122E1528D000F9D9F /* Products */;
			projectDirPath = "";
			projectRoot = "";
			targets = (
				450A92DF22E1528D000F9D9F /* NavigateInSwiftUIStarter */,
				450A92F522E1528F000F9D9F /* NavigateInSwiftUIStarterTests */,
				450A930022E1528F000F9D9F /* NavigateInSwiftUIStarterUITests */,
			);
		};
/* End PBXProject section */

/* Begin PBXResourcesBuildPhase section */
		450A92DE22E1528D000F9D9F /* Resources */ = {
			isa = PBXResourcesBuildPhase;
			buildActionMask = 2147483647;
			files = (
				450A92F022E1528F000F9D9F /* LaunchScreen.storyboard in Resources */,
				450A92ED22E1528F000F9D9F /* Preview Assets.xcassets in Resources */,
				450A92EA22E1528F000F9D9F /* Assets.xcassets in Resources */,
			);
			runOnlyForDeploymentPostprocessing = 0;
		};
		450A92F422E1528F000F9D9F /* Resources */ = {
			isa = PBXResourcesBuildPhase;
			buildActionMask = 2147483647;
			files = (
			);
			runOnlyForDeploymentPostprocessing = 0;
		};
		450A92FF22E1528F000F9D9F /* Resources */ = {
			isa = PBXResourcesBuildPhase;
			buildActionMask = 2147483647;
			files = (
			);
			runOnlyForDeploymentPostprocessing = 0;
		};
/* End PBXResourcesBuildPhase section */

/* Begin PBXSourcesBuildPhase section */
		450A92DC22E1528D000F9D9F /* Sources */ = {
			isa = PBXSourcesBuildPhase;
			buildActionMask = 2147483647;
			files = (
				450A92E422E1528D000F9D9F /* AppDelegate.swift in Sources */,
				450A931622E152A0000F9D9F /* ContentViewB.swift in Sources */,
				450A92E622E1528D000F9D9F /* SceneDelegate.swift in Sources */,
				450A931422E1529B000F9D9F /* ContentViewA.swift in Sources */,
			);
			runOnlyForDeploymentPostprocessing = 0;
		};
		450A92F222E1528F000F9D9F /* Sources */ = {
			isa = PBXSourcesBuildPhase;
			buildActionMask = 2147483647;
			files = (
				450A92FB22E1528F000F9D9F /* NavigateInSwiftUIStarterTests.swift in Sources */,
			);
			runOnlyForDeploymentPostprocessing = 0;
		};
		450A92FD22E1528F000F9D9F /* Sources */ = {
			isa = PBXSourcesBuildPhase;
			buildActionMask = 2147483647;
			files = (
				450A930622E1528F000F9D9F /* NavigateInSwiftUIStarterUITests.swift in Sources */,
			);
			runOnlyForDeploymentPostprocessing = 0;
		};
/* End PBXSourcesBuildPhase section */

/* Begin PBXTargetDependency section */
		450A92F822E1528F000F9D9F /* PBXTargetDependency */ = {
			isa = PBXTargetDependency;
			target = 450A92DF22E1528D000F9D9F /* NavigateInSwiftUIStarter */;
			targetProxy = 450A92F722E1528F000F9D9F /* PBXContainerItemProxy */;
		};
		450A930322E1528F000F9D9F /* PBXTargetDependency */ = {
			isa = PBXTargetDependency;
			target = 450A92DF22E1528D000F9D9F /* NavigateInSwiftUIStarter */;
			targetProxy = 450A930222E1528F000F9D9F /* PBXContainerItemProxy */;
		};
/* End PBXTargetDependency section */

/* Begin PBXVariantGroup section */
		450A92EE22E1528F000F9D9F /* LaunchScreen.storyboard */ = {
			isa = PBXVariantGroup;
			children = (
				450A92EF22E1528F000F9D9F /* Base */,
			);
			name = LaunchScreen.storyboard;
			sourceTree = "<group>";
		};
/* End PBXVariantGroup section */

/* Begin XCBuildConfiguration section */
		450A930822E15290000F9D9F /* Debug */ = {
			isa = XCBuildConfiguration;
			buildSettings = {
				ALWAYS_SEARCH_USER_PATHS = NO;
				CLANG_ANALYZER_NONNULL = YES;
				CLANG_ANALYZER_NUMBER_OBJECT_CONVERSION = YES_AGGRESSIVE;
				CLANG_CXX_LANGUAGE_STANDARD = "gnu++14";
				CLANG_CXX_LIBRARY = "libc++";
				CLANG_ENABLE_MODULES = YES;
				CLANG_ENABLE_OBJC_ARC = YES;
				CLANG_ENABLE_OBJC_WEAK = YES;
				CLANG_WARN_BLOCK_CAPTURE_AUTORELEASING = YES;
				CLANG_WARN_BOOL_CONVERSION = YES;
				CLANG_WARN_COMMA = YES;
				CLANG_WARN_CONSTANT_CONVERSION = YES;
				CLANG_WARN_DEPRECATED_OBJC_IMPLEMENTATIONS = YES;
				CLANG_WARN_DIRECT_OBJC_ISA_USAGE = YES_ERROR;
				CLANG_WARN_DOCUMENTATION_COMMENTS = YES;
				CLANG_WARN_EMPTY_BODY = YES;
				CLANG_WARN_ENUM_CONVERSION = YES;
				CLANG_WARN_INFINITE_RECURSION = YES;
				CLANG_WARN_INT_CONVERSION = YES;
				CLANG_WARN_NON_LITERAL_NULL_CONVERSION = YES;
				CLANG_WARN_OBJC_IMPLICIT_RETAIN_SELF = YES;
				CLANG_WARN_OBJC_LITERAL_CONVERSION = YES;
				CLANG_WARN_OBJC_ROOT_CLASS = YES_ERROR;
				CLANG_WARN_RANGE_LOOP_ANALYSIS = YES;
				CLANG_WARN_STRICT_PROTOTYPES = YES;
				CLANG_WARN_SUSPICIOUS_MOVE = YES;
				CLANG_WARN_UNGUARDED_AVAILABILITY = YES_AGGRESSIVE;
				CLANG_WARN_UNREACHABLE_CODE = YES;
				CLANG_WARN__DUPLICATE_METHOD_MATCH = YES;
				COPY_PHASE_STRIP = NO;
				DEBUG_INFORMATION_FORMAT = dwarf;
				ENABLE_STRICT_OBJC_MSGSEND = YES;
				ENABLE_TESTABILITY = YES;
				GCC_C_LANGUAGE_STANDARD = gnu11;
				GCC_DYNAMIC_NO_PIC = NO;
				GCC_NO_COMMON_BLOCKS = YES;
				GCC_OPTIMIZATION_LEVEL = 0;
				GCC_PREPROCESSOR_DEFINITIONS = (
					"DEBUG=1",
					"$(inherited)",
				);
				GCC_WARN_64_TO_32_BIT_CONVERSION = YES;
				GCC_WARN_ABOUT_RETURN_TYPE = YES_ERROR;
				GCC_WARN_UNDECLARED_SELECTOR = YES;
				GCC_WARN_UNINITIALIZED_AUTOS = YES_AGGRESSIVE;
				GCC_WARN_UNUSED_FUNCTION = YES;
				GCC_WARN_UNUSED_VARIABLE = YES;
				IPHONEOS_DEPLOYMENT_TARGET = 13.0;
				MTL_ENABLE_DEBUG_INFO = INCLUDE_SOURCE;
				MTL_FAST_MATH = YES;
				ONLY_ACTIVE_ARCH = YES;
				SDKROOT = iphoneos;
				SWIFT_ACTIVE_COMPILATION_CONDITIONS = DEBUG;
				SWIFT_OPTIMIZATION_LEVEL = "-Onone";
			};
			name = Debug;
		};
		450A930922E15290000F9D9F /* Release */ = {
			isa = XCBuildConfiguration;
			buildSettings = {
				ALWAYS_SEARCH_USER_PATHS = NO;
				CLANG_ANALYZER_NONNULL = YES;
				CLANG_ANALYZER_NUMBER_OBJECT_CONVERSION = YES_AGGRESSIVE;
				CLANG_CXX_LANGUAGE_STANDARD = "gnu++14";
				CLANG_CXX_LIBRARY = "libc++";
				CLANG_ENABLE_MODULES = YES;
				CLANG_ENABLE_OBJC_ARC = YES;
				CLANG_ENABLE_OBJC_WEAK = YES;
				CLANG_WARN_BLOCK_CAPTURE_AUTORELEASING = YES;
				CLANG_WARN_BOOL_CONVERSION = YES;
				CLANG_WARN_COMMA = YES;
				CLANG_WARN_CONSTANT_CONVERSION = YES;
				CLANG_WARN_DEPRECATED_OBJC_IMPLEMENTATIONS = YES;
				CLANG_WARN_DIRECT_OBJC_ISA_USAGE = YES_ERROR;
				CLANG_WARN_DOCUMENTATION_COMMENTS = YES;
				CLANG_WARN_EMPTY_BODY = YES;
				CLANG_WARN_ENUM_CONVERSION = YES;
				CLANG_WARN_INFINITE_RECURSION = YES;
				CLANG_WARN_INT_CONVERSION = YES;
				CLANG_WARN_NON_LITERAL_NULL_CONVERSION = YES;
				CLANG_WARN_OBJC_IMPLICIT_RETAIN_SELF = YES;
				CLANG_WARN_OBJC_LITERAL_CONVERSION = YES;
				CLANG_WARN_OBJC_ROOT_CLASS = YES_ERROR;
				CLANG_WARN_RANGE_LOOP_ANALYSIS = YES;
				CLANG_WARN_STRICT_PROTOTYPES = YES;
				CLANG_WARN_SUSPICIOUS_MOVE = YES;
				CLANG_WARN_UNGUARDED_AVAILABILITY = YES_AGGRESSIVE;
				CLANG_WARN_UNREACHABLE_CODE = YES;
				CLANG_WARN__DUPLICATE_METHOD_MATCH = YES;
				COPY_PHASE_STRIP = NO;
				DEBUG_INFORMATION_FORMAT = "dwarf-with-dsym";
				ENABLE_NS_ASSERTIONS = NO;
				ENABLE_STRICT_OBJC_MSGSEND = YES;
				GCC_C_LANGUAGE_STANDARD = gnu11;
				GCC_NO_COMMON_BLOCKS = YES;
				GCC_WARN_64_TO_32_BIT_CONVERSION = YES;
				GCC_WARN_ABOUT_RETURN_TYPE = YES_ERROR;
				GCC_WARN_UNDECLARED_SELECTOR = YES;
				GCC_WARN_UNINITIALIZED_AUTOS = YES_AGGRESSIVE;
				GCC_WARN_UNUSED_FUNCTION = YES;
				GCC_WARN_UNUSED_VARIABLE = YES;
				IPHONEOS_DEPLOYMENT_TARGET = 13.0;
				MTL_ENABLE_DEBUG_INFO = NO;
				MTL_FAST_MATH = YES;
				SDKROOT = iphoneos;
				SWIFT_COMPILATION_MODE = wholemodule;
				SWIFT_OPTIMIZATION_LEVEL = "-O";
				VALIDATE_PRODUCT = YES;
			};
			name = Release;
		};
		450A930B22E15290000F9D9F /* Debug */ = {
			isa = XCBuildConfiguration;
			buildSettings = {
				ASSETCATALOG_COMPILER_APPICON_NAME = AppIcon;
				CODE_SIGN_STYLE = Automatic;
				DEVELOPMENT_ASSET_PATHS = "NavigateInSwiftUIStarter/Preview\\ Content";
				DEVELOPMENT_TEAM = Q5Q99Q7248;
				ENABLE_PREVIEWS = YES;
				INFOPLIST_FILE = NavigateInSwiftUIStarter/Info.plist;
				LD_RUNPATH_SEARCH_PATHS = (
					"$(inherited)",
					"@executable_path/Frameworks",
				);
				PRODUCT_BUNDLE_IDENTIFIER = com.andreasschultz.NavigateInSwiftUIStarter;
				PRODUCT_NAME = "$(TARGET_NAME)";
				SWIFT_VERSION = 5.0;
				TARGETED_DEVICE_FAMILY = "1,2";
			};
			name = Debug;
		};
		450A930C22E15290000F9D9F /* Release */ = {
			isa = XCBuildConfiguration;
			buildSettings = {
				ASSETCATALOG_COMPILER_APPICON_NAME = AppIcon;
				CODE_SIGN_STYLE = Automatic;
				DEVELOPMENT_ASSET_PATHS = "NavigateInSwiftUIStarter/Preview\\ Content";
				DEVELOPMENT_TEAM = Q5Q99Q7248;
				ENABLE_PREVIEWS = YES;
				INFOPLIST_FILE = NavigateInSwiftUIStarter/Info.plist;
				LD_RUNPATH_SEARCH_PATHS = (
					"$(inherited)",
					"@executable_path/Frameworks",
				);
				PRODUCT_BUNDLE_IDENTIFIER = com.andreasschultz.NavigateInSwiftUIStarter;
				PRODUCT_NAME = "$(TARGET_NAME)";
				SWIFT_VERSION = 5.0;
				TARGETED_DEVICE_FAMILY = "1,2";
			};
			name = Release;
		};
		450A930E22E15290000F9D9F /* Debug */ = {
			isa = XCBuildConfiguration;
			buildSettings = {
				ALWAYS_EMBED_SWIFT_STANDARD_LIBRARIES = YES;
				BUNDLE_LOADER = "$(TEST_HOST)";
				CODE_SIGN_STYLE = Automatic;
				DEVELOPMENT_TEAM = Q5Q99Q7248;
				INFOPLIST_FILE = NavigateInSwiftUIStarterTests/Info.plist;
				LD_RUNPATH_SEARCH_PATHS = (
					"$(inherited)",
					"@executable_path/Frameworks",
					"@loader_path/Frameworks",
				);
				PRODUCT_BUNDLE_IDENTIFIER = com.andreasschultz.NavigateInSwiftUIStarterTests;
				PRODUCT_NAME = "$(TARGET_NAME)";
				SWIFT_VERSION = 5.0;
				TARGETED_DEVICE_FAMILY = "1,2";
				TEST_HOST = "$(BUILT_PRODUCTS_DIR)/NavigateInSwiftUIStarter.app/NavigateInSwiftUIStarter";
			};
			name = Debug;
		};
		450A930F22E15290000F9D9F /* Release */ = {
			isa = XCBuildConfiguration;
			buildSettings = {
				ALWAYS_EMBED_SWIFT_STANDARD_LIBRARIES = YES;
				BUNDLE_LOADER = "$(TEST_HOST)";
				CODE_SIGN_STYLE = Automatic;
				DEVELOPMENT_TEAM = Q5Q99Q7248;
				INFOPLIST_FILE = NavigateInSwiftUIStarterTests/Info.plist;
				LD_RUNPATH_SEARCH_PATHS = (
					"$(inherited)",
					"@executable_path/Frameworks",
					"@loader_path/Frameworks",
				);
				PRODUCT_BUNDLE_IDENTIFIER = com.andreasschultz.NavigateInSwiftUIStarterTests;
				PRODUCT_NAME = "$(TARGET_NAME)";
				SWIFT_VERSION = 5.0;
				TARGETED_DEVICE_FAMILY = "1,2";
				TEST_HOST = "$(BUILT_PRODUCTS_DIR)/NavigateInSwiftUIStarter.app/NavigateInSwiftUIStarter";
			};
			name = Release;
		};
		450A931122E15290000F9D9F /* Debug */ = {
			isa = XCBuildConfiguration;
			buildSettings = {
				ALWAYS_EMBED_SWIFT_STANDARD_LIBRARIES = YES;
				CODE_SIGN_STYLE = Automatic;
				DEVELOPMENT_TEAM = Q5Q99Q7248;
				INFOPLIST_FILE = NavigateInSwiftUIStarterUITests/Info.plist;
				LD_RUNPATH_SEARCH_PATHS = (
					"$(inherited)",
					"@executable_path/Frameworks",
					"@loader_path/Frameworks",
				);
				PRODUCT_BUNDLE_IDENTIFIER = com.andreasschultz.NavigateInSwiftUIStarterUITests;
				PRODUCT_NAME = "$(TARGET_NAME)";
				SWIFT_VERSION = 5.0;
				TARGETED_DEVICE_FAMILY = "1,2";
				TEST_TARGET_NAME = NavigateInSwiftUIStarter;
			};
			name = Debug;
		};
		450A931222E15290000F9D9F /* Release */ = {
			isa = XCBuildConfiguration;
			buildSettings = {
				ALWAYS_EMBED_SWIFT_STANDARD_LIBRARIES = YES;
				CODE_SIGN_STYLE = Automatic;
				DEVELOPMENT_TEAM = Q5Q99Q7248;
				INFOPLIST_FILE = NavigateInSwiftUIStarterUITests/Info.plist;
				LD_RUNPATH_SEARCH_PATHS = (
					"$(inherited)",
					"@executable_path/Frameworks",
					"@loader_path/Frameworks",
				);
				PRODUCT_BUNDLE_IDENTIFIER = com.andreasschultz.NavigateInSwiftUIStarterUITests;
				PRODUCT_NAME = "$(TARGET_NAME)";
				SWIFT_VERSION = 5.0;
				TARGETED_DEVICE_FAMILY = "1,2";
				TEST_TARGET_NAME = NavigateInSwiftUIStarter;
			};
			name = Release;
		};
/* End XCBuildConfiguration section */

/* Begin XCConfigurationList section */
		450A92DB22E1528D000F9D9F /* Build configuration list for PBXProject "NavigateInSwiftUIStarter" */ = {
			isa = XCConfigurationList;
			buildConfigurations = (
				450A930822E15290000F9D9F /* Debug */,
				450A930922E15290000F9D9F /* Release */,
			);
			defaultConfigurationIsVisible = 0;
			defaultConfigurationName = Release;
		};
		450A930A22E15290000F9D9F /* Build configuration list for PBXNativeTarget "NavigateInSwiftUIStarter" */ = {
			isa = XCConfigurationList;
			buildConfigurations = (
				450A930B22E15290000F9D9F /* Debug */,
				450A930C22E15290000F9D9F /* Release */,
			);
			defaultConfigurationIsVisible = 0;
			defaultConfigurationName = Release;
		};
		450A930D22E15290000F9D9F /* Build configuration list for PBXNativeTarget "NavigateInSwiftUIStarterTests" */ = {
			isa = XCConfigurationList;
			buildConfigurations = (
				450A930E22E15290000F9D9F /* Debug */,
				450A930F22E15290000F9D9F /* Release */,
			);
			defaultConfigurationIsVisible = 0;
			defaultConfigurationName = Release;
		};
		450A931022E15290000F9D9F /* Build configuration list for PBXNativeTarget "NavigateInSwiftUIStarterUITests" */ = {
			isa = XCConfigurationList;
			buildConfigurations = (
				450A931122E15290000F9D9F /* Debug */,
				450A931222E15290000F9D9F /* Release */,
			);
			defaultConfigurationIsVisible = 0;
			defaultConfigurationName = Release;
		};
/* End XCConfigurationList section */
	};
	rootObject = 450A92D822E1528D000F9D9F /* Project object */;
}
